// !$*UTF8*$!
{
	archiveVersion = 1;
	classes = {
	};
	objectVersion = 46;
	objects = {

/* Begin PBXBuildFile section */
		4061DE731DA5910200762375 /* AppDelegate.swift in Sources */ = {isa = PBXBuildFile; fileRef = 4061DE721DA5910200762375 /* AppDelegate.swift */; };
		4061DE7B1DA5910200762375 /* ios_428.xcdatamodeld in Sources */ = {isa = PBXBuildFile; fileRef = 4061DE791DA5910200762375 /* ios_428.xcdatamodeld */; };
		4061DE7D1DA5910200762375 /* Assets.xcassets in Resources */ = {isa = PBXBuildFile; fileRef = 4061DE7C1DA5910200762375 /* Assets.xcassets */; };
		4061DE801DA5910200762375 /* LaunchScreen.storyboard in Resources */ = {isa = PBXBuildFile; fileRef = 4061DE7E1DA5910200762375 /* LaunchScreen.storyboard */; };
		4061DE8B1DA5910200762375 /* ios_428Tests.swift in Sources */ = {isa = PBXBuildFile; fileRef = 4061DE8A1DA5910200762375 /* ios_428Tests.swift */; };
		4061DE961DA5910200762375 /* ios_428UITests.swift in Sources */ = {isa = PBXBuildFile; fileRef = 4061DE951DA5910200762375 /* ios_428UITests.swift */; };
		4064A0FE1DA5972100071383 /* Login.storyboard in Resources */ = {isa = PBXBuildFile; fileRef = 4064A0FD1DA5972100071383 /* Login.storyboard */; };
		4064A10D1DA5976600071383 /* AvenirLTStd-Black.otf in Resources */ = {isa = PBXBuildFile; fileRef = 4064A1011DA5976600071383 /* AvenirLTStd-Black.otf */; };
		4064A10E1DA5976600071383 /* AvenirLTStd-Black.otf in Resources */ = {isa = PBXBuildFile; fileRef = 4064A1011DA5976600071383 /* AvenirLTStd-Black.otf */; };
		4064A10F1DA5976600071383 /* AvenirLTStd-Black.otf in Resources */ = {isa = PBXBuildFile; fileRef = 4064A1011DA5976600071383 /* AvenirLTStd-Black.otf */; };
		4064A1101DA5976600071383 /* AvenirLTStd-BlackOblique.otf in Resources */ = {isa = PBXBuildFile; fileRef = 4064A1021DA5976600071383 /* AvenirLTStd-BlackOblique.otf */; };
		4064A1111DA5976600071383 /* AvenirLTStd-BlackOblique.otf in Resources */ = {isa = PBXBuildFile; fileRef = 4064A1021DA5976600071383 /* AvenirLTStd-BlackOblique.otf */; };
		4064A1121DA5976600071383 /* AvenirLTStd-BlackOblique.otf in Resources */ = {isa = PBXBuildFile; fileRef = 4064A1021DA5976600071383 /* AvenirLTStd-BlackOblique.otf */; };
		4064A1131DA5976600071383 /* AvenirLTStd-Book.otf in Resources */ = {isa = PBXBuildFile; fileRef = 4064A1031DA5976600071383 /* AvenirLTStd-Book.otf */; };
		4064A1141DA5976600071383 /* AvenirLTStd-Book.otf in Resources */ = {isa = PBXBuildFile; fileRef = 4064A1031DA5976600071383 /* AvenirLTStd-Book.otf */; };
		4064A1151DA5976600071383 /* AvenirLTStd-Book.otf in Resources */ = {isa = PBXBuildFile; fileRef = 4064A1031DA5976600071383 /* AvenirLTStd-Book.otf */; };
		4064A1161DA5976600071383 /* AvenirLTStd-BookOblique.otf in Resources */ = {isa = PBXBuildFile; fileRef = 4064A1041DA5976600071383 /* AvenirLTStd-BookOblique.otf */; };
		4064A1171DA5976600071383 /* AvenirLTStd-BookOblique.otf in Resources */ = {isa = PBXBuildFile; fileRef = 4064A1041DA5976600071383 /* AvenirLTStd-BookOblique.otf */; };
		4064A1181DA5976600071383 /* AvenirLTStd-BookOblique.otf in Resources */ = {isa = PBXBuildFile; fileRef = 4064A1041DA5976600071383 /* AvenirLTStd-BookOblique.otf */; };
		4064A1191DA5976600071383 /* AvenirLTStd-Heavy.otf in Resources */ = {isa = PBXBuildFile; fileRef = 4064A1051DA5976600071383 /* AvenirLTStd-Heavy.otf */; };
		4064A11A1DA5976600071383 /* AvenirLTStd-Heavy.otf in Resources */ = {isa = PBXBuildFile; fileRef = 4064A1051DA5976600071383 /* AvenirLTStd-Heavy.otf */; };
		4064A11B1DA5976600071383 /* AvenirLTStd-Heavy.otf in Resources */ = {isa = PBXBuildFile; fileRef = 4064A1051DA5976600071383 /* AvenirLTStd-Heavy.otf */; };
		4064A11C1DA5976600071383 /* AvenirLTStd-HeavyOblique.otf in Resources */ = {isa = PBXBuildFile; fileRef = 4064A1061DA5976600071383 /* AvenirLTStd-HeavyOblique.otf */; };
		4064A11D1DA5976600071383 /* AvenirLTStd-HeavyOblique.otf in Resources */ = {isa = PBXBuildFile; fileRef = 4064A1061DA5976600071383 /* AvenirLTStd-HeavyOblique.otf */; };
		4064A11E1DA5976600071383 /* AvenirLTStd-HeavyOblique.otf in Resources */ = {isa = PBXBuildFile; fileRef = 4064A1061DA5976600071383 /* AvenirLTStd-HeavyOblique.otf */; };
		4064A11F1DA5976600071383 /* AvenirLTStd-Light.otf in Resources */ = {isa = PBXBuildFile; fileRef = 4064A1071DA5976600071383 /* AvenirLTStd-Light.otf */; };
		4064A1201DA5976600071383 /* AvenirLTStd-Light.otf in Resources */ = {isa = PBXBuildFile; fileRef = 4064A1071DA5976600071383 /* AvenirLTStd-Light.otf */; };
		4064A1211DA5976600071383 /* AvenirLTStd-Light.otf in Resources */ = {isa = PBXBuildFile; fileRef = 4064A1071DA5976600071383 /* AvenirLTStd-Light.otf */; };
		4064A1221DA5976600071383 /* AvenirLTStd-LightOblique.otf in Resources */ = {isa = PBXBuildFile; fileRef = 4064A1081DA5976600071383 /* AvenirLTStd-LightOblique.otf */; };
		4064A1231DA5976600071383 /* AvenirLTStd-LightOblique.otf in Resources */ = {isa = PBXBuildFile; fileRef = 4064A1081DA5976600071383 /* AvenirLTStd-LightOblique.otf */; };
		4064A1241DA5976600071383 /* AvenirLTStd-LightOblique.otf in Resources */ = {isa = PBXBuildFile; fileRef = 4064A1081DA5976600071383 /* AvenirLTStd-LightOblique.otf */; };
		4064A1251DA5976600071383 /* AvenirLTStd-Medium.otf in Resources */ = {isa = PBXBuildFile; fileRef = 4064A1091DA5976600071383 /* AvenirLTStd-Medium.otf */; };
		4064A1261DA5976600071383 /* AvenirLTStd-Medium.otf in Resources */ = {isa = PBXBuildFile; fileRef = 4064A1091DA5976600071383 /* AvenirLTStd-Medium.otf */; };
		4064A1271DA5976600071383 /* AvenirLTStd-Medium.otf in Resources */ = {isa = PBXBuildFile; fileRef = 4064A1091DA5976600071383 /* AvenirLTStd-Medium.otf */; };
		4064A1281DA5976600071383 /* AvenirLTStd-MediumOblique.otf in Resources */ = {isa = PBXBuildFile; fileRef = 4064A10A1DA5976600071383 /* AvenirLTStd-MediumOblique.otf */; };
		4064A1291DA5976600071383 /* AvenirLTStd-MediumOblique.otf in Resources */ = {isa = PBXBuildFile; fileRef = 4064A10A1DA5976600071383 /* AvenirLTStd-MediumOblique.otf */; };
		4064A12A1DA5976600071383 /* AvenirLTStd-MediumOblique.otf in Resources */ = {isa = PBXBuildFile; fileRef = 4064A10A1DA5976600071383 /* AvenirLTStd-MediumOblique.otf */; };
		4064A12B1DA5976600071383 /* AvenirLTStd-Oblique.otf in Resources */ = {isa = PBXBuildFile; fileRef = 4064A10B1DA5976600071383 /* AvenirLTStd-Oblique.otf */; };
		4064A12C1DA5976600071383 /* AvenirLTStd-Oblique.otf in Resources */ = {isa = PBXBuildFile; fileRef = 4064A10B1DA5976600071383 /* AvenirLTStd-Oblique.otf */; };
		4064A12D1DA5976600071383 /* AvenirLTStd-Oblique.otf in Resources */ = {isa = PBXBuildFile; fileRef = 4064A10B1DA5976600071383 /* AvenirLTStd-Oblique.otf */; };
		4064A12E1DA5976600071383 /* AvenirLTStd-Roman.otf in Resources */ = {isa = PBXBuildFile; fileRef = 4064A10C1DA5976600071383 /* AvenirLTStd-Roman.otf */; };
		4064A12F1DA5976600071383 /* AvenirLTStd-Roman.otf in Resources */ = {isa = PBXBuildFile; fileRef = 4064A10C1DA5976600071383 /* AvenirLTStd-Roman.otf */; };
		4064A1301DA5976600071383 /* AvenirLTStd-Roman.otf in Resources */ = {isa = PBXBuildFile; fileRef = 4064A10C1DA5976600071383 /* AvenirLTStd-Roman.otf */; };
		4064A1321DA5979E00071383 /* Constants.swift in Sources */ = {isa = PBXBuildFile; fileRef = 4064A1311DA5979E00071383 /* Constants.swift */; };
		4064A1331DA5979E00071383 /* Constants.swift in Sources */ = {isa = PBXBuildFile; fileRef = 4064A1311DA5979E00071383 /* Constants.swift */; };
		4064A1341DA5979E00071383 /* Constants.swift in Sources */ = {isa = PBXBuildFile; fileRef = 4064A1311DA5979E00071383 /* Constants.swift */; };
		4064A1361DA597A400071383 /* Functions.swift in Sources */ = {isa = PBXBuildFile; fileRef = 4064A1351DA597A400071383 /* Functions.swift */; };
		4064A1371DA597A400071383 /* Functions.swift in Sources */ = {isa = PBXBuildFile; fileRef = 4064A1351DA597A400071383 /* Functions.swift */; };
		4064A1381DA597A400071383 /* Functions.swift in Sources */ = {isa = PBXBuildFile; fileRef = 4064A1351DA597A400071383 /* Functions.swift */; };
		4064A13A1DA597AB00071383 /* Extensions.swift in Sources */ = {isa = PBXBuildFile; fileRef = 4064A1391DA597AB00071383 /* Extensions.swift */; };
		4064A13B1DA597AB00071383 /* Extensions.swift in Sources */ = {isa = PBXBuildFile; fileRef = 4064A1391DA597AB00071383 /* Extensions.swift */; };
		4064A13C1DA597AB00071383 /* Extensions.swift in Sources */ = {isa = PBXBuildFile; fileRef = 4064A1391DA597AB00071383 /* Extensions.swift */; };
		4064A13E1DA597DD00071383 /* MaterialView.swift in Sources */ = {isa = PBXBuildFile; fileRef = 4064A13D1DA597DD00071383 /* MaterialView.swift */; };
		4064A13F1DA597DD00071383 /* MaterialView.swift in Sources */ = {isa = PBXBuildFile; fileRef = 4064A13D1DA597DD00071383 /* MaterialView.swift */; };
		4064A1401DA597DD00071383 /* MaterialView.swift in Sources */ = {isa = PBXBuildFile; fileRef = 4064A13D1DA597DD00071383 /* MaterialView.swift */; };
		4064A1421DA5983800071383 /* Connections.storyboard in Resources */ = {isa = PBXBuildFile; fileRef = 4064A1411DA5983800071383 /* Connections.storyboard */; };
		4064A1431DA5983800071383 /* Connections.storyboard in Resources */ = {isa = PBXBuildFile; fileRef = 4064A1411DA5983800071383 /* Connections.storyboard */; };
		4064A1441DA5983800071383 /* Connections.storyboard in Resources */ = {isa = PBXBuildFile; fileRef = 4064A1411DA5983800071383 /* Connections.storyboard */; };
		4064A1461DA5983E00071383 /* Settings.storyboard in Resources */ = {isa = PBXBuildFile; fileRef = 4064A1451DA5983E00071383 /* Settings.storyboard */; };
		4064A1471DA5983E00071383 /* Settings.storyboard in Resources */ = {isa = PBXBuildFile; fileRef = 4064A1451DA5983E00071383 /* Settings.storyboard */; };
		4064A1481DA5983E00071383 /* Settings.storyboard in Resources */ = {isa = PBXBuildFile; fileRef = 4064A1451DA5983E00071383 /* Settings.storyboard */; };
		4064A14A1DA599EE00071383 /* LoginVC.swift in Sources */ = {isa = PBXBuildFile; fileRef = 4064A1491DA599EE00071383 /* LoginVC.swift */; };
		4064A14B1DA599EE00071383 /* LoginVC.swift in Sources */ = {isa = PBXBuildFile; fileRef = 4064A1491DA599EE00071383 /* LoginVC.swift */; };
		4064A14C1DA599EE00071383 /* LoginVC.swift in Sources */ = {isa = PBXBuildFile; fileRef = 4064A1491DA599EE00071383 /* LoginVC.swift */; };
		4064A14E1DA599F800071383 /* ConnectionsVC.swift in Sources */ = {isa = PBXBuildFile; fileRef = 4064A14D1DA599F800071383 /* ConnectionsVC.swift */; };
		4064A14F1DA599F800071383 /* ConnectionsVC.swift in Sources */ = {isa = PBXBuildFile; fileRef = 4064A14D1DA599F800071383 /* ConnectionsVC.swift */; };
		4064A1501DA599F800071383 /* ConnectionsVC.swift in Sources */ = {isa = PBXBuildFile; fileRef = 4064A14D1DA599F800071383 /* ConnectionsVC.swift */; };
		4064A1521DA59A0100071383 /* SettingsVC.swift in Sources */ = {isa = PBXBuildFile; fileRef = 4064A1511DA59A0100071383 /* SettingsVC.swift */; };
		4064A1531DA59A0100071383 /* SettingsVC.swift in Sources */ = {isa = PBXBuildFile; fileRef = 4064A1511DA59A0100071383 /* SettingsVC.swift */; };
		4064A1541DA59A0100071383 /* SettingsVC.swift in Sources */ = {isa = PBXBuildFile; fileRef = 4064A1511DA59A0100071383 /* SettingsVC.swift */; };
		4064A1561DA5C59F00071383 /* NavigationController.swift in Sources */ = {isa = PBXBuildFile; fileRef = 4064A1551DA5C59F00071383 /* NavigationController.swift */; };
		4064A1571DA5C59F00071383 /* NavigationController.swift in Sources */ = {isa = PBXBuildFile; fileRef = 4064A1551DA5C59F00071383 /* NavigationController.swift */; };
		4064A1581DA5C59F00071383 /* NavigationController.swift in Sources */ = {isa = PBXBuildFile; fileRef = 4064A1551DA5C59F00071383 /* NavigationController.swift */; };
		4064A17E1DA6071B00071383 /* ConnectionCell.swift in Sources */ = {isa = PBXBuildFile; fileRef = 4064A17D1DA6071B00071383 /* ConnectionCell.swift */; };
		4064A17F1DA6071B00071383 /* ConnectionCell.swift in Sources */ = {isa = PBXBuildFile; fileRef = 4064A17D1DA6071B00071383 /* ConnectionCell.swift */; };
		4064A1801DA6071B00071383 /* ConnectionCell.swift in Sources */ = {isa = PBXBuildFile; fileRef = 4064A17D1DA6071B00071383 /* ConnectionCell.swift */; };
		4064A1821DA6077E00071383 /* Connection.swift in Sources */ = {isa = PBXBuildFile; fileRef = 4064A1811DA6077E00071383 /* Connection.swift */; };
		4064A1831DA6077E00071383 /* Connection.swift in Sources */ = {isa = PBXBuildFile; fileRef = 4064A1811DA6077E00071383 /* Connection.swift */; };
		4064A1841DA6077E00071383 /* Connection.swift in Sources */ = {isa = PBXBuildFile; fileRef = 4064A1811DA6077E00071383 /* Connection.swift */; };
		4064A1861DA60ADC00071383 /* RoundImageView.swift in Sources */ = {isa = PBXBuildFile; fileRef = 4064A1851DA60ADC00071383 /* RoundImageView.swift */; };
		4064A1871DA60ADC00071383 /* RoundImageView.swift in Sources */ = {isa = PBXBuildFile; fileRef = 4064A1851DA60ADC00071383 /* RoundImageView.swift */; };
		4064A1881DA60ADC00071383 /* RoundImageView.swift in Sources */ = {isa = PBXBuildFile; fileRef = 4064A1851DA60ADC00071383 /* RoundImageView.swift */; };
		4064A18A1DA615FB00071383 /* TODO in Resources */ = {isa = PBXBuildFile; fileRef = 4064A1891DA615FB00071383 /* TODO */; };
		4064A18B1DA615FB00071383 /* TODO in Resources */ = {isa = PBXBuildFile; fileRef = 4064A1891DA615FB00071383 /* TODO */; };
		4064A18C1DA615FB00071383 /* TODO in Resources */ = {isa = PBXBuildFile; fileRef = 4064A1891DA615FB00071383 /* TODO */; };
		4064A1901DA6169900071383 /* ChatVC.swift in Sources */ = {isa = PBXBuildFile; fileRef = 4064A18F1DA6169900071383 /* ChatVC.swift */; };
		4064A1911DA6169900071383 /* ChatVC.swift in Sources */ = {isa = PBXBuildFile; fileRef = 4064A18F1DA6169900071383 /* ChatVC.swift */; };
		4064A1921DA6169900071383 /* ChatVC.swift in Sources */ = {isa = PBXBuildFile; fileRef = 4064A18F1DA6169900071383 /* ChatVC.swift */; };
		6F32BA1BE366C8162CA89172 /* Pods_ios_428.framework in Frameworks */ = {isa = PBXBuildFile; fileRef = 26065C70F26088E3889A3FAA /* Pods_ios_428.framework */; settings = {ATTRIBUTES = (Weak, ); }; };
/* End PBXBuildFile section */

/* Begin PBXContainerItemProxy section */
		4061DE871DA5910200762375 /* PBXContainerItemProxy */ = {
			isa = PBXContainerItemProxy;
			containerPortal = 4061DE671DA5910200762375 /* Project object */;
			proxyType = 1;
			remoteGlobalIDString = 4061DE6E1DA5910200762375;
			remoteInfo = "ios-428";
		};
		4061DE921DA5910200762375 /* PBXContainerItemProxy */ = {
			isa = PBXContainerItemProxy;
			containerPortal = 4061DE671DA5910200762375 /* Project object */;
			proxyType = 1;
			remoteGlobalIDString = 4061DE6E1DA5910200762375;
			remoteInfo = "ios-428";
		};
/* End PBXContainerItemProxy section */

/* Begin PBXFileReference section */
		26065C70F26088E3889A3FAA /* Pods_ios_428.framework */ = {isa = PBXFileReference; explicitFileType = wrapper.framework; includeInIndex = 0; path = Pods_ios_428.framework; sourceTree = BUILT_PRODUCTS_DIR; };
		4061DE6F1DA5910200762375 /* ios-428.app */ = {isa = PBXFileReference; explicitFileType = wrapper.application; includeInIndex = 0; path = "ios-428.app"; sourceTree = BUILT_PRODUCTS_DIR; };
		4061DE721DA5910200762375 /* AppDelegate.swift */ = {isa = PBXFileReference; lastKnownFileType = sourcecode.swift; path = AppDelegate.swift; sourceTree = "<group>"; };
		4061DE7A1DA5910200762375 /* ios_428.xcdatamodel */ = {isa = PBXFileReference; lastKnownFileType = wrapper.xcdatamodel; path = ios_428.xcdatamodel; sourceTree = "<group>"; };
		4061DE7C1DA5910200762375 /* Assets.xcassets */ = {isa = PBXFileReference; lastKnownFileType = folder.assetcatalog; path = Assets.xcassets; sourceTree = "<group>"; };
		4061DE7F1DA5910200762375 /* Base */ = {isa = PBXFileReference; lastKnownFileType = file.storyboard; name = Base; path = Base.lproj/LaunchScreen.storyboard; sourceTree = "<group>"; };
		4061DE811DA5910200762375 /* Info.plist */ = {isa = PBXFileReference; lastKnownFileType = text.plist.xml; path = Info.plist; sourceTree = "<group>"; };
		4061DE861DA5910200762375 /* ios-428Tests.xctest */ = {isa = PBXFileReference; explicitFileType = wrapper.cfbundle; includeInIndex = 0; path = "ios-428Tests.xctest"; sourceTree = BUILT_PRODUCTS_DIR; };
		4061DE8A1DA5910200762375 /* ios_428Tests.swift */ = {isa = PBXFileReference; lastKnownFileType = sourcecode.swift; path = ios_428Tests.swift; sourceTree = "<group>"; };
		4061DE8C1DA5910200762375 /* Info.plist */ = {isa = PBXFileReference; lastKnownFileType = text.plist.xml; path = Info.plist; sourceTree = "<group>"; };
		4061DE911DA5910200762375 /* ios-428UITests.xctest */ = {isa = PBXFileReference; explicitFileType = wrapper.cfbundle; includeInIndex = 0; path = "ios-428UITests.xctest"; sourceTree = BUILT_PRODUCTS_DIR; };
		4061DE951DA5910200762375 /* ios_428UITests.swift */ = {isa = PBXFileReference; lastKnownFileType = sourcecode.swift; path = ios_428UITests.swift; sourceTree = "<group>"; };
		4061DE971DA5910200762375 /* Info.plist */ = {isa = PBXFileReference; lastKnownFileType = text.plist.xml; path = Info.plist; sourceTree = "<group>"; };
		4064A0FD1DA5972100071383 /* Login.storyboard */ = {isa = PBXFileReference; fileEncoding = 4; lastKnownFileType = file.storyboard; path = Login.storyboard; sourceTree = "<group>"; };
		4064A1011DA5976600071383 /* AvenirLTStd-Black.otf */ = {isa = PBXFileReference; lastKnownFileType = file; path = "AvenirLTStd-Black.otf"; sourceTree = "<group>"; };
		4064A1021DA5976600071383 /* AvenirLTStd-BlackOblique.otf */ = {isa = PBXFileReference; lastKnownFileType = file; path = "AvenirLTStd-BlackOblique.otf"; sourceTree = "<group>"; };
		4064A1031DA5976600071383 /* AvenirLTStd-Book.otf */ = {isa = PBXFileReference; lastKnownFileType = file; path = "AvenirLTStd-Book.otf"; sourceTree = "<group>"; };
		4064A1041DA5976600071383 /* AvenirLTStd-BookOblique.otf */ = {isa = PBXFileReference; lastKnownFileType = file; path = "AvenirLTStd-BookOblique.otf"; sourceTree = "<group>"; };
		4064A1051DA5976600071383 /* AvenirLTStd-Heavy.otf */ = {isa = PBXFileReference; lastKnownFileType = file; path = "AvenirLTStd-Heavy.otf"; sourceTree = "<group>"; };
		4064A1061DA5976600071383 /* AvenirLTStd-HeavyOblique.otf */ = {isa = PBXFileReference; lastKnownFileType = file; path = "AvenirLTStd-HeavyOblique.otf"; sourceTree = "<group>"; };
		4064A1071DA5976600071383 /* AvenirLTStd-Light.otf */ = {isa = PBXFileReference; lastKnownFileType = file; path = "AvenirLTStd-Light.otf"; sourceTree = "<group>"; };
		4064A1081DA5976600071383 /* AvenirLTStd-LightOblique.otf */ = {isa = PBXFileReference; lastKnownFileType = file; path = "AvenirLTStd-LightOblique.otf"; sourceTree = "<group>"; };
		4064A1091DA5976600071383 /* AvenirLTStd-Medium.otf */ = {isa = PBXFileReference; lastKnownFileType = file; path = "AvenirLTStd-Medium.otf"; sourceTree = "<group>"; };
		4064A10A1DA5976600071383 /* AvenirLTStd-MediumOblique.otf */ = {isa = PBXFileReference; lastKnownFileType = file; path = "AvenirLTStd-MediumOblique.otf"; sourceTree = "<group>"; };
		4064A10B1DA5976600071383 /* AvenirLTStd-Oblique.otf */ = {isa = PBXFileReference; lastKnownFileType = file; path = "AvenirLTStd-Oblique.otf"; sourceTree = "<group>"; };
		4064A10C1DA5976600071383 /* AvenirLTStd-Roman.otf */ = {isa = PBXFileReference; lastKnownFileType = file; path = "AvenirLTStd-Roman.otf"; sourceTree = "<group>"; };
		4064A1311DA5979E00071383 /* Constants.swift */ = {isa = PBXFileReference; fileEncoding = 4; lastKnownFileType = sourcecode.swift; path = Constants.swift; sourceTree = "<group>"; };
		4064A1351DA597A400071383 /* Functions.swift */ = {isa = PBXFileReference; fileEncoding = 4; lastKnownFileType = sourcecode.swift; path = Functions.swift; sourceTree = "<group>"; };
		4064A1391DA597AB00071383 /* Extensions.swift */ = {isa = PBXFileReference; fileEncoding = 4; lastKnownFileType = sourcecode.swift; path = Extensions.swift; sourceTree = "<group>"; };
		4064A13D1DA597DD00071383 /* MaterialView.swift */ = {isa = PBXFileReference; fileEncoding = 4; lastKnownFileType = sourcecode.swift; path = MaterialView.swift; sourceTree = "<group>"; };
		4064A1411DA5983800071383 /* Connections.storyboard */ = {isa = PBXFileReference; fileEncoding = 4; lastKnownFileType = file.storyboard; path = Connections.storyboard; sourceTree = "<group>"; };
		4064A1451DA5983E00071383 /* Settings.storyboard */ = {isa = PBXFileReference; fileEncoding = 4; lastKnownFileType = file.storyboard; path = Settings.storyboard; sourceTree = "<group>"; };
		4064A1491DA599EE00071383 /* LoginVC.swift */ = {isa = PBXFileReference; fileEncoding = 4; lastKnownFileType = sourcecode.swift; path = LoginVC.swift; sourceTree = "<group>"; };
		4064A14D1DA599F800071383 /* ConnectionsVC.swift */ = {isa = PBXFileReference; fileEncoding = 4; lastKnownFileType = sourcecode.swift; path = ConnectionsVC.swift; sourceTree = "<group>"; };
		4064A1511DA59A0100071383 /* SettingsVC.swift */ = {isa = PBXFileReference; fileEncoding = 4; lastKnownFileType = sourcecode.swift; path = SettingsVC.swift; sourceTree = "<group>"; };
		4064A1551DA5C59F00071383 /* NavigationController.swift */ = {isa = PBXFileReference; fileEncoding = 4; lastKnownFileType = sourcecode.swift; path = NavigationController.swift; sourceTree = "<group>"; };
		4064A17D1DA6071B00071383 /* ConnectionCell.swift */ = {isa = PBXFileReference; fileEncoding = 4; lastKnownFileType = sourcecode.swift; path = ConnectionCell.swift; sourceTree = "<group>"; };
		4064A1811DA6077E00071383 /* Connection.swift */ = {isa = PBXFileReference; fileEncoding = 4; lastKnownFileType = sourcecode.swift; path = Connection.swift; sourceTree = "<group>"; };
		4064A1851DA60ADC00071383 /* RoundImageView.swift */ = {isa = PBXFileReference; fileEncoding = 4; lastKnownFileType = sourcecode.swift; path = RoundImageView.swift; sourceTree = "<group>"; };
		4064A1891DA615FB00071383 /* TODO */ = {isa = PBXFileReference; fileEncoding = 4; lastKnownFileType = text; path = TODO; sourceTree = "<group>"; };
		4064A18F1DA6169900071383 /* ChatVC.swift */ = {isa = PBXFileReference; fileEncoding = 4; lastKnownFileType = sourcecode.swift; path = ChatVC.swift; sourceTree = "<group>"; };
		9954006627E0EBFEF7CBE2D0 /* Pods-ios-428.debug.xcconfig */ = {isa = PBXFileReference; includeInIndex = 1; lastKnownFileType = text.xcconfig; name = "Pods-ios-428.debug.xcconfig"; path = "Pods/Target Support Files/Pods-ios-428/Pods-ios-428.debug.xcconfig"; sourceTree = "<group>"; };
		E5C7403FDE8C66BB14604050 /* Pods-ios-428.release.xcconfig */ = {isa = PBXFileReference; includeInIndex = 1; lastKnownFileType = text.xcconfig; name = "Pods-ios-428.release.xcconfig"; path = "Pods/Target Support Files/Pods-ios-428/Pods-ios-428.release.xcconfig"; sourceTree = "<group>"; };
/* End PBXFileReference section */

/* Begin PBXFrameworksBuildPhase section */
		4061DE6C1DA5910200762375 /* Frameworks */ = {
			isa = PBXFrameworksBuildPhase;
			buildActionMask = 2147483647;
			files = (
				6F32BA1BE366C8162CA89172 /* Pods_ios_428.framework in Frameworks */,
			);
			runOnlyForDeploymentPostprocessing = 0;
		};
		4061DE831DA5910200762375 /* Frameworks */ = {
			isa = PBXFrameworksBuildPhase;
			buildActionMask = 2147483647;
			files = (
			);
			runOnlyForDeploymentPostprocessing = 0;
		};
		4061DE8E1DA5910200762375 /* Frameworks */ = {
			isa = PBXFrameworksBuildPhase;
			buildActionMask = 2147483647;
			files = (
			);
			runOnlyForDeploymentPostprocessing = 0;
		};
/* End PBXFrameworksBuildPhase section */

/* Begin PBXGroup section */
		2C3E04A2F581349E8AE55F85 /* Frameworks */ = {
			isa = PBXGroup;
			children = (
				26065C70F26088E3889A3FAA /* Pods_ios_428.framework */,
			);
			name = Frameworks;
			sourceTree = "<group>";
		};
		4061DE661DA5910200762375 = {
			isa = PBXGroup;
			children = (
				4064A1891DA615FB00071383 /* TODO */,
				4061DE711DA5910200762375 /* ios-428 */,
				4061DE891DA5910200762375 /* ios-428Tests */,
				4061DE941DA5910200762375 /* ios-428UITests */,
				4061DE701DA5910200762375 /* Products */,
				BB30544EAACC9B46DAEB0561 /* Pods */,
				2C3E04A2F581349E8AE55F85 /* Frameworks */,
			);
			sourceTree = "<group>";
		};
		4061DE701DA5910200762375 /* Products */ = {
			isa = PBXGroup;
			children = (
				4061DE6F1DA5910200762375 /* ios-428.app */,
				4061DE861DA5910200762375 /* ios-428Tests.xctest */,
				4061DE911DA5910200762375 /* ios-428UITests.xctest */,
			);
			name = Products;
			sourceTree = "<group>";
		};
		4061DE711DA5910200762375 /* ios-428 */ = {
			isa = PBXGroup;
			children = (
				4064A0F51DA596C800071383 /* Resources */,
				4064A0F61DA596D400071383 /* Services */,
				4064A0F71DA596DC00071383 /* Util */,
				4064A0F91DA596EF00071383 /* CustomView */,
				4064A0FA1DA596F500071383 /* Model */,
				4064A0FB1DA596F900071383 /* View */,
				4064A0FC1DA596FC00071383 /* Controller */,
				4061DE721DA5910200762375 /* AppDelegate.swift */,
				4061DE7C1DA5910200762375 /* Assets.xcassets */,
				4061DE7E1DA5910200762375 /* LaunchScreen.storyboard */,
				4061DE811DA5910200762375 /* Info.plist */,
				4061DE791DA5910200762375 /* ios_428.xcdatamodeld */,
			);
			path = "ios-428";
			sourceTree = "<group>";
		};
		4061DE891DA5910200762375 /* ios-428Tests */ = {
			isa = PBXGroup;
			children = (
				4061DE8A1DA5910200762375 /* ios_428Tests.swift */,
				4061DE8C1DA5910200762375 /* Info.plist */,
			);
			path = "ios-428Tests";
			sourceTree = "<group>";
		};
		4061DE941DA5910200762375 /* ios-428UITests */ = {
			isa = PBXGroup;
			children = (
				4061DE951DA5910200762375 /* ios_428UITests.swift */,
				4061DE971DA5910200762375 /* Info.plist */,
			);
			path = "ios-428UITests";
			sourceTree = "<group>";
		};
		4064A0F51DA596C800071383 /* Resources */ = {
			isa = PBXGroup;
			children = (
				4064A1001DA5974C00071383 /* Fonts */,
			);
			name = Resources;
			sourceTree = "<group>";
		};
		4064A0F61DA596D400071383 /* Services */ = {
			isa = PBXGroup;
			children = (
			);
			name = Services;
			sourceTree = "<group>";
		};
		4064A0F71DA596DC00071383 /* Util */ = {
			isa = PBXGroup;
			children = (
				4064A1311DA5979E00071383 /* Constants.swift */,
				4064A1351DA597A400071383 /* Functions.swift */,
				4064A1391DA597AB00071383 /* Extensions.swift */,
			);
			name = Util;
			sourceTree = "<group>";
		};
		4064A0F91DA596EF00071383 /* CustomView */ = {
			isa = PBXGroup;
			children = (
				4064A13D1DA597DD00071383 /* MaterialView.swift */,
				4064A17D1DA6071B00071383 /* ConnectionCell.swift */,
				4064A1851DA60ADC00071383 /* RoundImageView.swift */,
			);
			name = CustomView;
			sourceTree = "<group>";
		};
		4064A0FA1DA596F500071383 /* Model */ = {
			isa = PBXGroup;
			children = (
				4064A1811DA6077E00071383 /* Connection.swift */,
			);
			name = Model;
			sourceTree = "<group>";
		};
		4064A0FB1DA596F900071383 /* View */ = {
			isa = PBXGroup;
			children = (
				4064A0FD1DA5972100071383 /* Login.storyboard */,
				4064A1411DA5983800071383 /* Connections.storyboard */,
				4064A1451DA5983E00071383 /* Settings.storyboard */,
			);
			name = View;
			sourceTree = "<group>";
		};
		4064A0FC1DA596FC00071383 /* Controller */ = {
			isa = PBXGroup;
			children = (
				4064A18E1DA6167400071383 /* Settings */,
				4064A18D1DA6166A00071383 /* Match */,
				4064A1491DA599EE00071383 /* LoginVC.swift */,
				4064A1551DA5C59F00071383 /* NavigationController.swift */,
			);
			name = Controller;
			sourceTree = "<group>";
		};
		4064A1001DA5974C00071383 /* Fonts */ = {
			isa = PBXGroup;
			children = (
				4064A1011DA5976600071383 /* AvenirLTStd-Black.otf */,
				4064A1021DA5976600071383 /* AvenirLTStd-BlackOblique.otf */,
				4064A1031DA5976600071383 /* AvenirLTStd-Book.otf */,
				4064A1041DA5976600071383 /* AvenirLTStd-BookOblique.otf */,
				4064A1051DA5976600071383 /* AvenirLTStd-Heavy.otf */,
				4064A1061DA5976600071383 /* AvenirLTStd-HeavyOblique.otf */,
				4064A1071DA5976600071383 /* AvenirLTStd-Light.otf */,
				4064A1081DA5976600071383 /* AvenirLTStd-LightOblique.otf */,
				4064A1091DA5976600071383 /* AvenirLTStd-Medium.otf */,
				4064A10A1DA5976600071383 /* AvenirLTStd-MediumOblique.otf */,
				4064A10B1DA5976600071383 /* AvenirLTStd-Oblique.otf */,
				4064A10C1DA5976600071383 /* AvenirLTStd-Roman.otf */,
			);
			name = Fonts;
			sourceTree = "<group>";
		};
		4064A18D1DA6166A00071383 /* Match */ = {
			isa = PBXGroup;
			children = (
				4064A14D1DA599F800071383 /* ConnectionsVC.swift */,
				4064A18F1DA6169900071383 /* ChatVC.swift */,
			);
			name = Match;
			sourceTree = "<group>";
		};
		4064A18E1DA6167400071383 /* Settings */ = {
			isa = PBXGroup;
			children = (
				4064A1511DA59A0100071383 /* SettingsVC.swift */,
			);
			name = Settings;
			sourceTree = "<group>";
		};
		BB30544EAACC9B46DAEB0561 /* Pods */ = {
			isa = PBXGroup;
			children = (
				9954006627E0EBFEF7CBE2D0 /* Pods-ios-428.debug.xcconfig */,
				E5C7403FDE8C66BB14604050 /* Pods-ios-428.release.xcconfig */,
			);
			name = Pods;
			sourceTree = "<group>";
		};
/* End PBXGroup section */

/* Begin PBXNativeTarget section */
		4061DE6E1DA5910200762375 /* ios-428 */ = {
			isa = PBXNativeTarget;
			buildConfigurationList = 4061DE9A1DA5910200762375 /* Build configuration list for PBXNativeTarget "ios-428" */;
			buildPhases = (
				51DD929B53D9207C051028A9 /* Check Pods Manifest.lock */,
				4061DE6B1DA5910200762375 /* Sources */,
				4061DE6C1DA5910200762375 /* Frameworks */,
				4061DE6D1DA5910200762375 /* Resources */,
				9E2EE6D7C538079743FC05DE /* Embed Pods Frameworks */,
				FB01769870C4CE18C6E6FF8B /* Copy Pods Resources */,
			);
			buildRules = (
			);
			dependencies = (
			);
			name = "ios-428";
			productName = "ios-428";
			productReference = 4061DE6F1DA5910200762375 /* ios-428.app */;
			productType = "com.apple.product-type.application";
		};
		4061DE851DA5910200762375 /* ios-428Tests */ = {
			isa = PBXNativeTarget;
			buildConfigurationList = 4061DE9D1DA5910200762375 /* Build configuration list for PBXNativeTarget "ios-428Tests" */;
			buildPhases = (
				4061DE821DA5910200762375 /* Sources */,
				4061DE831DA5910200762375 /* Frameworks */,
				4061DE841DA5910200762375 /* Resources */,
			);
			buildRules = (
			);
			dependencies = (
				4061DE881DA5910200762375 /* PBXTargetDependency */,
			);
			name = "ios-428Tests";
			productName = "ios-428Tests";
			productReference = 4061DE861DA5910200762375 /* ios-428Tests.xctest */;
			productType = "com.apple.product-type.bundle.unit-test";
		};
		4061DE901DA5910200762375 /* ios-428UITests */ = {
			isa = PBXNativeTarget;
			buildConfigurationList = 4061DEA01DA5910200762375 /* Build configuration list for PBXNativeTarget "ios-428UITests" */;
			buildPhases = (
				4061DE8D1DA5910200762375 /* Sources */,
				4061DE8E1DA5910200762375 /* Frameworks */,
				4061DE8F1DA5910200762375 /* Resources */,
			);
			buildRules = (
			);
			dependencies = (
				4061DE931DA5910200762375 /* PBXTargetDependency */,
			);
			name = "ios-428UITests";
			productName = "ios-428UITests";
			productReference = 4061DE911DA5910200762375 /* ios-428UITests.xctest */;
			productType = "com.apple.product-type.bundle.ui-testing";
		};
/* End PBXNativeTarget section */

/* Begin PBXProject section */
		4061DE671DA5910200762375 /* Project object */ = {
			isa = PBXProject;
			attributes = {
				LastSwiftUpdateCheck = 0800;
				LastUpgradeCheck = 0800;
				ORGANIZATIONNAME = 428;
				TargetAttributes = {
					4061DE6E1DA5910200762375 = {
						CreatedOnToolsVersion = 8.0;
						DevelopmentTeam = EUUML7WPQP;
						LastSwiftMigration = 0800;
						ProvisioningStyle = Automatic;
					};
					4061DE851DA5910200762375 = {
						CreatedOnToolsVersion = 8.0;
						DevelopmentTeam = EUUML7WPQP;
						LastSwiftMigration = 0800;
						ProvisioningStyle = Automatic;
						TestTargetID = 4061DE6E1DA5910200762375;
					};
					4061DE901DA5910200762375 = {
						CreatedOnToolsVersion = 8.0;
						DevelopmentTeam = EUUML7WPQP;
						LastSwiftMigration = 0800;
						ProvisioningStyle = Automatic;
						TestTargetID = 4061DE6E1DA5910200762375;
					};
				};
			};
			buildConfigurationList = 4061DE6A1DA5910200762375 /* Build configuration list for PBXProject "ios-428" */;
			compatibilityVersion = "Xcode 3.2";
			developmentRegion = English;
			hasScannedForEncodings = 0;
			knownRegions = (
				en,
				Base,
			);
			mainGroup = 4061DE661DA5910200762375;
			productRefGroup = 4061DE701DA5910200762375 /* Products */;
			projectDirPath = "";
			projectRoot = "";
			targets = (
				4061DE6E1DA5910200762375 /* ios-428 */,
				4061DE851DA5910200762375 /* ios-428Tests */,
				4061DE901DA5910200762375 /* ios-428UITests */,
			);
		};
/* End PBXProject section */

/* Begin PBXResourcesBuildPhase section */
		4061DE6D1DA5910200762375 /* Resources */ = {
			isa = PBXResourcesBuildPhase;
			buildActionMask = 2147483647;
			files = (
				4064A11C1DA5976600071383 /* AvenirLTStd-HeavyOblique.otf in Resources */,
				4064A1461DA5983E00071383 /* Settings.storyboard in Resources */,
				4061DE801DA5910200762375 /* LaunchScreen.storyboard in Resources */,
				4064A1281DA5976600071383 /* AvenirLTStd-MediumOblique.otf in Resources */,
				4061DE7D1DA5910200762375 /* Assets.xcassets in Resources */,
				4064A1251DA5976600071383 /* AvenirLTStd-Medium.otf in Resources */,
				4064A10D1DA5976600071383 /* AvenirLTStd-Black.otf in Resources */,
				4064A1131DA5976600071383 /* AvenirLTStd-Book.otf in Resources */,
				4064A1221DA5976600071383 /* AvenirLTStd-LightOblique.otf in Resources */,
				4064A12E1DA5976600071383 /* AvenirLTStd-Roman.otf in Resources */,
				4064A12B1DA5976600071383 /* AvenirLTStd-Oblique.otf in Resources */,
				4064A1161DA5976600071383 /* AvenirLTStd-BookOblique.otf in Resources */,
				4064A18A1DA615FB00071383 /* TODO in Resources */,
				4064A1101DA5976600071383 /* AvenirLTStd-BlackOblique.otf in Resources */,
				4064A11F1DA5976600071383 /* AvenirLTStd-Light.otf in Resources */,
				4064A1191DA5976600071383 /* AvenirLTStd-Heavy.otf in Resources */,
				4064A1421DA5983800071383 /* Connections.storyboard in Resources */,
				4064A0FE1DA5972100071383 /* Login.storyboard in Resources */,
			);
			runOnlyForDeploymentPostprocessing = 0;
		};
		4061DE841DA5910200762375 /* Resources */ = {
			isa = PBXResourcesBuildPhase;
			buildActionMask = 2147483647;
			files = (
				4064A1431DA5983800071383 /* Connections.storyboard in Resources */,
				4064A11D1DA5976600071383 /* AvenirLTStd-HeavyOblique.otf in Resources */,
				4064A1231DA5976600071383 /* AvenirLTStd-LightOblique.otf in Resources */,
				4064A12F1DA5976600071383 /* AvenirLTStd-Roman.otf in Resources */,
				4064A1201DA5976600071383 /* AvenirLTStd-Light.otf in Resources */,
				4064A11A1DA5976600071383 /* AvenirLTStd-Heavy.otf in Resources */,
				4064A18B1DA615FB00071383 /* TODO in Resources */,
				4064A1141DA5976600071383 /* AvenirLTStd-Book.otf in Resources */,
				4064A1111DA5976600071383 /* AvenirLTStd-BlackOblique.otf in Resources */,
				4064A1261DA5976600071383 /* AvenirLTStd-Medium.otf in Resources */,
				4064A10E1DA5976600071383 /* AvenirLTStd-Black.otf in Resources */,
				4064A1171DA5976600071383 /* AvenirLTStd-BookOblique.otf in Resources */,
				4064A1291DA5976600071383 /* AvenirLTStd-MediumOblique.otf in Resources */,
				4064A12C1DA5976600071383 /* AvenirLTStd-Oblique.otf in Resources */,
				4064A1471DA5983E00071383 /* Settings.storyboard in Resources */,
			);
			runOnlyForDeploymentPostprocessing = 0;
		};
		4061DE8F1DA5910200762375 /* Resources */ = {
			isa = PBXResourcesBuildPhase;
			buildActionMask = 2147483647;
			files = (
				4064A1441DA5983800071383 /* Connections.storyboard in Resources */,
				4064A11E1DA5976600071383 /* AvenirLTStd-HeavyOblique.otf in Resources */,
				4064A1241DA5976600071383 /* AvenirLTStd-LightOblique.otf in Resources */,
				4064A1301DA5976600071383 /* AvenirLTStd-Roman.otf in Resources */,
				4064A1211DA5976600071383 /* AvenirLTStd-Light.otf in Resources */,
				4064A11B1DA5976600071383 /* AvenirLTStd-Heavy.otf in Resources */,
				4064A18C1DA615FB00071383 /* TODO in Resources */,
				4064A1151DA5976600071383 /* AvenirLTStd-Book.otf in Resources */,
				4064A1121DA5976600071383 /* AvenirLTStd-BlackOblique.otf in Resources */,
				4064A1271DA5976600071383 /* AvenirLTStd-Medium.otf in Resources */,
				4064A10F1DA5976600071383 /* AvenirLTStd-Black.otf in Resources */,
				4064A1181DA5976600071383 /* AvenirLTStd-BookOblique.otf in Resources */,
				4064A12A1DA5976600071383 /* AvenirLTStd-MediumOblique.otf in Resources */,
				4064A12D1DA5976600071383 /* AvenirLTStd-Oblique.otf in Resources */,
				4064A1481DA5983E00071383 /* Settings.storyboard in Resources */,
			);
			runOnlyForDeploymentPostprocessing = 0;
		};
/* End PBXResourcesBuildPhase section */

/* Begin PBXShellScriptBuildPhase section */
		51DD929B53D9207C051028A9 /* Check Pods Manifest.lock */ = {
			isa = PBXShellScriptBuildPhase;
			buildActionMask = 2147483647;
			files = (
			);
			inputPaths = (
			);
			name = "Check Pods Manifest.lock";
			outputPaths = (
			);
			runOnlyForDeploymentPostprocessing = 0;
			shellPath = /bin/sh;
			shellScript = "diff \"${PODS_ROOT}/../Podfile.lock\" \"${PODS_ROOT}/Manifest.lock\" > /dev/null\nif [[ $? != 0 ]] ; then\n    cat << EOM\nerror: The sandbox is not in sync with the Podfile.lock. Run 'pod install' or update your CocoaPods installation.\nEOM\n    exit 1\nfi\n";
			showEnvVarsInLog = 0;
		};
		9E2EE6D7C538079743FC05DE /* Embed Pods Frameworks */ = {
			isa = PBXShellScriptBuildPhase;
			buildActionMask = 2147483647;
			files = (
			);
			inputPaths = (
			);
			name = "Embed Pods Frameworks";
			outputPaths = (
			);
			runOnlyForDeploymentPostprocessing = 0;
			shellPath = /bin/sh;
			shellScript = "\"${SRCROOT}/Pods/Target Support Files/Pods-ios-428/Pods-ios-428-frameworks.sh\"\n";
			showEnvVarsInLog = 0;
		};
		FB01769870C4CE18C6E6FF8B /* Copy Pods Resources */ = {
			isa = PBXShellScriptBuildPhase;
			buildActionMask = 2147483647;
			files = (
			);
			inputPaths = (
			);
			name = "Copy Pods Resources";
			outputPaths = (
			);
			runOnlyForDeploymentPostprocessing = 0;
			shellPath = /bin/sh;
			shellScript = "\"${SRCROOT}/Pods/Target Support Files/Pods-ios-428/Pods-ios-428-resources.sh\"\n";
			showEnvVarsInLog = 0;
		};
/* End PBXShellScriptBuildPhase section */

/* Begin PBXSourcesBuildPhase section */
		4061DE6B1DA5910200762375 /* Sources */ = {
			isa = PBXSourcesBuildPhase;
			buildActionMask = 2147483647;
			files = (
				4064A14E1DA599F800071383 /* ConnectionsVC.swift in Sources */,
				4064A13A1DA597AB00071383 /* Extensions.swift in Sources */,
				4061DE7B1DA5910200762375 /* ios_428.xcdatamodeld in Sources */,
				4064A14A1DA599EE00071383 /* LoginVC.swift in Sources */,
				4061DE731DA5910200762375 /* AppDelegate.swift in Sources */,
				4064A13E1DA597DD00071383 /* MaterialView.swift in Sources */,
				4064A1321DA5979E00071383 /* Constants.swift in Sources */,
				4064A1561DA5C59F00071383 /* NavigationController.swift in Sources */,
				4064A1901DA6169900071383 /* ChatVC.swift in Sources */,
				4064A17E1DA6071B00071383 /* ConnectionCell.swift in Sources */,
				4064A1361DA597A400071383 /* Functions.swift in Sources */,
				4064A1521DA59A0100071383 /* SettingsVC.swift in Sources */,
				4064A1821DA6077E00071383 /* Connection.swift in Sources */,
				4064A1861DA60ADC00071383 /* RoundImageView.swift in Sources */,
			);
			runOnlyForDeploymentPostprocessing = 0;
		};
		4061DE821DA5910200762375 /* Sources */ = {
			isa = PBXSourcesBuildPhase;
			buildActionMask = 2147483647;
			files = (
				4061DE8B1DA5910200762375 /* ios_428Tests.swift in Sources */,
				4064A1331DA5979E00071383 /* Constants.swift in Sources */,
				4064A14B1DA599EE00071383 /* LoginVC.swift in Sources */,
				4064A13F1DA597DD00071383 /* MaterialView.swift in Sources */,
				4064A1571DA5C59F00071383 /* NavigationController.swift in Sources */,
				4064A1871DA60ADC00071383 /* RoundImageView.swift in Sources */,
				4064A17F1DA6071B00071383 /* ConnectionCell.swift in Sources */,
				4064A14F1DA599F800071383 /* ConnectionsVC.swift in Sources */,
				4064A1531DA59A0100071383 /* SettingsVC.swift in Sources */,
				4064A1831DA6077E00071383 /* Connection.swift in Sources */,
				4064A1371DA597A400071383 /* Functions.swift in Sources */,
				4064A1911DA6169900071383 /* ChatVC.swift in Sources */,
				4064A13B1DA597AB00071383 /* Extensions.swift in Sources */,
			);
			runOnlyForDeploymentPostprocessing = 0;
		};
		4061DE8D1DA5910200762375 /* Sources */ = {
			isa = PBXSourcesBuildPhase;
			buildActionMask = 2147483647;
			files = (
				4061DE961DA5910200762375 /* ios_428UITests.swift in Sources */,
				4064A1341DA5979E00071383 /* Constants.swift in Sources */,
				4064A14C1DA599EE00071383 /* LoginVC.swift in Sources */,
				4064A1401DA597DD00071383 /* MaterialView.swift in Sources */,
				4064A1581DA5C59F00071383 /* NavigationController.swift in Sources */,
				4064A1881DA60ADC00071383 /* RoundImageView.swift in Sources */,
				4064A1801DA6071B00071383 /* ConnectionCell.swift in Sources */,
				4064A1501DA599F800071383 /* ConnectionsVC.swift in Sources */,
				4064A1541DA59A0100071383 /* SettingsVC.swift in Sources */,
				4064A1841DA6077E00071383 /* Connection.swift in Sources */,
				4064A1381DA597A400071383 /* Functions.swift in Sources */,
				4064A1921DA6169900071383 /* ChatVC.swift in Sources */,
				4064A13C1DA597AB00071383 /* Extensions.swift in Sources */,
			);
			runOnlyForDeploymentPostprocessing = 0;
		};
/* End PBXSourcesBuildPhase section */

/* Begin PBXTargetDependency section */
		4061DE881DA5910200762375 /* PBXTargetDependency */ = {
			isa = PBXTargetDependency;
			target = 4061DE6E1DA5910200762375 /* ios-428 */;
			targetProxy = 4061DE871DA5910200762375 /* PBXContainerItemProxy */;
		};
		4061DE931DA5910200762375 /* PBXTargetDependency */ = {
			isa = PBXTargetDependency;
			target = 4061DE6E1DA5910200762375 /* ios-428 */;
			targetProxy = 4061DE921DA5910200762375 /* PBXContainerItemProxy */;
		};
/* End PBXTargetDependency section */

/* Begin PBXVariantGroup section */
		4061DE7E1DA5910200762375 /* LaunchScreen.storyboard */ = {
			isa = PBXVariantGroup;
			children = (
				4061DE7F1DA5910200762375 /* Base */,
			);
			name = LaunchScreen.storyboard;
			sourceTree = "<group>";
		};
/* End PBXVariantGroup section */

/* Begin XCBuildConfiguration section */
		4061DE981DA5910200762375 /* Debug */ = {
			isa = XCBuildConfiguration;
			buildSettings = {
				ALWAYS_SEARCH_USER_PATHS = NO;
				CLANG_ANALYZER_NONNULL = YES;
				CLANG_CXX_LANGUAGE_STANDARD = "gnu++0x";
				CLANG_CXX_LIBRARY = "libc++";
				CLANG_ENABLE_MODULES = YES;
				CLANG_ENABLE_OBJC_ARC = YES;
				CLANG_WARN_BOOL_CONVERSION = YES;
				CLANG_WARN_CONSTANT_CONVERSION = YES;
				CLANG_WARN_DIRECT_OBJC_ISA_USAGE = YES_ERROR;
				CLANG_WARN_DOCUMENTATION_COMMENTS = YES;
				CLANG_WARN_EMPTY_BODY = YES;
				CLANG_WARN_ENUM_CONVERSION = YES;
				CLANG_WARN_INFINITE_RECURSION = YES;
				CLANG_WARN_INT_CONVERSION = YES;
				CLANG_WARN_OBJC_ROOT_CLASS = YES_ERROR;
				CLANG_WARN_SUSPICIOUS_MOVE = YES;
				CLANG_WARN_SUSPICIOUS_MOVES = YES;
				CLANG_WARN_UNREACHABLE_CODE = YES;
				CLANG_WARN__DUPLICATE_METHOD_MATCH = YES;
				"CODE_SIGN_IDENTITY[sdk=iphoneos*]" = "iPhone Developer";
				COPY_PHASE_STRIP = NO;
				DEBUG_INFORMATION_FORMAT = dwarf;
				ENABLE_STRICT_OBJC_MSGSEND = YES;
				ENABLE_TESTABILITY = YES;
				GCC_C_LANGUAGE_STANDARD = gnu99;
				GCC_DYNAMIC_NO_PIC = NO;
				GCC_NO_COMMON_BLOCKS = YES;
				GCC_OPTIMIZATION_LEVEL = 0;
				GCC_PREPROCESSOR_DEFINITIONS = (
					"DEBUG=1",
					"$(inherited)",
				);
				GCC_WARN_64_TO_32_BIT_CONVERSION = YES;
				GCC_WARN_ABOUT_RETURN_TYPE = YES_ERROR;
				GCC_WARN_UNDECLARED_SELECTOR = YES;
				GCC_WARN_UNINITIALIZED_AUTOS = YES_AGGRESSIVE;
				GCC_WARN_UNUSED_FUNCTION = YES;
				GCC_WARN_UNUSED_VARIABLE = YES;
				IPHONEOS_DEPLOYMENT_TARGET = 10.0;
				MTL_ENABLE_DEBUG_INFO = YES;
				ONLY_ACTIVE_ARCH = YES;
				SDKROOT = iphoneos;
				SWIFT_ACTIVE_COMPILATION_CONDITIONS = DEBUG;
				SWIFT_OPTIMIZATION_LEVEL = "-Onone";
			};
			name = Debug;
		};
		4061DE991DA5910200762375 /* Release */ = {
			isa = XCBuildConfiguration;
			buildSettings = {
				ALWAYS_SEARCH_USER_PATHS = NO;
				CLANG_ANALYZER_NONNULL = YES;
				CLANG_CXX_LANGUAGE_STANDARD = "gnu++0x";
				CLANG_CXX_LIBRARY = "libc++";
				CLANG_ENABLE_MODULES = YES;
				CLANG_ENABLE_OBJC_ARC = YES;
				CLANG_WARN_BOOL_CONVERSION = YES;
				CLANG_WARN_CONSTANT_CONVERSION = YES;
				CLANG_WARN_DIRECT_OBJC_ISA_USAGE = YES_ERROR;
				CLANG_WARN_DOCUMENTATION_COMMENTS = YES;
				CLANG_WARN_EMPTY_BODY = YES;
				CLANG_WARN_ENUM_CONVERSION = YES;
				CLANG_WARN_INFINITE_RECURSION = YES;
				CLANG_WARN_INT_CONVERSION = YES;
				CLANG_WARN_OBJC_ROOT_CLASS = YES_ERROR;
				CLANG_WARN_SUSPICIOUS_MOVE = YES;
				CLANG_WARN_SUSPICIOUS_MOVES = YES;
				CLANG_WARN_UNREACHABLE_CODE = YES;
				CLANG_WARN__DUPLICATE_METHOD_MATCH = YES;
				"CODE_SIGN_IDENTITY[sdk=iphoneos*]" = "iPhone Developer";
				COPY_PHASE_STRIP = NO;
				DEBUG_INFORMATION_FORMAT = "dwarf-with-dsym";
				ENABLE_NS_ASSERTIONS = NO;
				ENABLE_STRICT_OBJC_MSGSEND = YES;
				GCC_C_LANGUAGE_STANDARD = gnu99;
				GCC_NO_COMMON_BLOCKS = YES;
				GCC_WARN_64_TO_32_BIT_CONVERSION = YES;
				GCC_WARN_ABOUT_RETURN_TYPE = YES_ERROR;
				GCC_WARN_UNDECLARED_SELECTOR = YES;
				GCC_WARN_UNINITIALIZED_AUTOS = YES_AGGRESSIVE;
				GCC_WARN_UNUSED_FUNCTION = YES;
				GCC_WARN_UNUSED_VARIABLE = YES;
				IPHONEOS_DEPLOYMENT_TARGET = 10.0;
				MTL_ENABLE_DEBUG_INFO = NO;
				SDKROOT = iphoneos;
				SWIFT_OPTIMIZATION_LEVEL = "-Owholemodule";
				VALIDATE_PRODUCT = YES;
			};
			name = Release;
		};
		4061DE9B1DA5910200762375 /* Debug */ = {
			isa = XCBuildConfiguration;
			baseConfigurationReference = 9954006627E0EBFEF7CBE2D0 /* Pods-ios-428.debug.xcconfig */;
			buildSettings = {
				ASSETCATALOG_COMPILER_APPICON_NAME = AppIcon;
				DEVELOPMENT_TEAM = EUUML7WPQP;
				INFOPLIST_FILE = "ios-428/Info.plist";
				LD_RUNPATH_SEARCH_PATHS = "$(inherited) @executable_path/Frameworks";
				PRODUCT_BUNDLE_IDENTIFIER = "com.428app.ios-428";
				PRODUCT_NAME = "$(TARGET_NAME)";
				SWIFT_VERSION = 3.0;
			};
			name = Debug;
		};
		4061DE9C1DA5910200762375 /* Release */ = {
			isa = XCBuildConfiguration;
			baseConfigurationReference = E5C7403FDE8C66BB14604050 /* Pods-ios-428.release.xcconfig */;
			buildSettings = {
				ASSETCATALOG_COMPILER_APPICON_NAME = AppIcon;
				DEVELOPMENT_TEAM = EUUML7WPQP;
				INFOPLIST_FILE = "ios-428/Info.plist";
				LD_RUNPATH_SEARCH_PATHS = "$(inherited) @executable_path/Frameworks";
				PRODUCT_BUNDLE_IDENTIFIER = "com.428app.ios-428";
				PRODUCT_NAME = "$(TARGET_NAME)";
				SWIFT_VERSION = 3.0;
			};
			name = Release;
		};
		4061DE9E1DA5910200762375 /* Debug */ = {
			isa = XCBuildConfiguration;
			buildSettings = {
				ALWAYS_EMBED_SWIFT_STANDARD_LIBRARIES = YES;
				BUNDLE_LOADER = "$(TEST_HOST)";
				DEVELOPMENT_TEAM = EUUML7WPQP;
				INFOPLIST_FILE = "ios-428Tests/Info.plist";
				LD_RUNPATH_SEARCH_PATHS = "$(inherited) @executable_path/Frameworks @loader_path/Frameworks";
				PRODUCT_BUNDLE_IDENTIFIER = "com.428app.ios-428Tests";
				PRODUCT_NAME = "$(TARGET_NAME)";
				SWIFT_VERSION = 3.0;
				TEST_HOST = "$(BUILT_PRODUCTS_DIR)/ios-428.app/ios-428";
			};
			name = Debug;
		};
		4061DE9F1DA5910200762375 /* Release */ = {
			isa = XCBuildConfiguration;
			buildSettings = {
				ALWAYS_EMBED_SWIFT_STANDARD_LIBRARIES = YES;
				BUNDLE_LOADER = "$(TEST_HOST)";
				DEVELOPMENT_TEAM = EUUML7WPQP;
				INFOPLIST_FILE = "ios-428Tests/Info.plist";
				LD_RUNPATH_SEARCH_PATHS = "$(inherited) @executable_path/Frameworks @loader_path/Frameworks";
				PRODUCT_BUNDLE_IDENTIFIER = "com.428app.ios-428Tests";
				PRODUCT_NAME = "$(TARGET_NAME)";
				SWIFT_VERSION = 3.0;
				TEST_HOST = "$(BUILT_PRODUCTS_DIR)/ios-428.app/ios-428";
			};
			name = Release;
		};
		4061DEA11DA5910200762375 /* Debug */ = {
			isa = XCBuildConfiguration;
			buildSettings = {
				ALWAYS_EMBED_SWIFT_STANDARD_LIBRARIES = YES;
				DEVELOPMENT_TEAM = EUUML7WPQP;
				INFOPLIST_FILE = "ios-428UITests/Info.plist";
				LD_RUNPATH_SEARCH_PATHS = "$(inherited) @executable_path/Frameworks @loader_path/Frameworks";
				PRODUCT_BUNDLE_IDENTIFIER = "com.428app.ios-428UITests";
				PRODUCT_NAME = "$(TARGET_NAME)";
				SWIFT_VERSION = 3.0;
				TEST_TARGET_NAME = "ios-428";
			};
			name = Debug;
		};
		4061DEA21DA5910200762375 /* Release */ = {
			isa = XCBuildConfiguration;
			buildSettings = {
				ALWAYS_EMBED_SWIFT_STANDARD_LIBRARIES = YES;
				DEVELOPMENT_TEAM = EUUML7WPQP;
				INFOPLIST_FILE = "ios-428UITests/Info.plist";
				LD_RUNPATH_SEARCH_PATHS = "$(inherited) @executable_path/Frameworks @loader_path/Frameworks";
				PRODUCT_BUNDLE_IDENTIFIER = "com.428app.ios-428UITests";
				PRODUCT_NAME = "$(TARGET_NAME)";
				SWIFT_VERSION = 3.0;
				TEST_TARGET_NAME = "ios-428";
			};
			name = Release;
		};
/* End XCBuildConfiguration section */

/* Begin XCConfigurationList section */
		4061DE6A1DA5910200762375 /* Build configuration list for PBXProject "ios-428" */ = {
			isa = XCConfigurationList;
			buildConfigurations = (
				4061DE981DA5910200762375 /* Debug */,
				4061DE991DA5910200762375 /* Release */,
			);
			defaultConfigurationIsVisible = 0;
			defaultConfigurationName = Release;
		};
		4061DE9A1DA5910200762375 /* Build configuration list for PBXNativeTarget "ios-428" */ = {
			isa = XCConfigurationList;
			buildConfigurations = (
				4061DE9B1DA5910200762375 /* Debug */,
				4061DE9C1DA5910200762375 /* Release */,
			);
			defaultConfigurationIsVisible = 0;
			defaultConfigurationName = Release;
		};
		4061DE9D1DA5910200762375 /* Build configuration list for PBXNativeTarget "ios-428Tests" */ = {
			isa = XCConfigurationList;
			buildConfigurations = (
				4061DE9E1DA5910200762375 /* Debug */,
				4061DE9F1DA5910200762375 /* Release */,
			);
			defaultConfigurationIsVisible = 0;
			defaultConfigurationName = Release;
		};
		4061DEA01DA5910200762375 /* Build configuration list for PBXNativeTarget "ios-428UITests" */ = {
			isa = XCConfigurationList;
			buildConfigurations = (
				4061DEA11DA5910200762375 /* Debug */,
				4061DEA21DA5910200762375 /* Release */,
			);
			defaultConfigurationIsVisible = 0;
			defaultConfigurationName = Release;
		};
/* End XCConfigurationList section */

/* Begin XCVersionGroup section */
		4061DE791DA5910200762375 /* ios_428.xcdatamodeld */ = {
			isa = XCVersionGroup;
			children = (
				4061DE7A1DA5910200762375 /* ios_428.xcdatamodel */,
			);
			currentVersion = 4061DE7A1DA5910200762375 /* ios_428.xcdatamodel */;
			path = ios_428.xcdatamodeld;
			sourceTree = "<group>";
			versionGroupType = wrapper.xcdatamodel;
		};
/* End XCVersionGroup section */
	};
	rootObject = 4061DE671DA5910200762375 /* Project object */;
}
