// !$*UTF8*$!
{
	archiveVersion = 1;
	classes = {
	};
	objectVersion = 46;
	objects = {

/* Begin PBXBuildFile section */
		4000C37A1DD81227009C10E5 /* Download.swift in Sources */ = {isa = PBXBuildFile; fileRef = 4000C3791DD81227009C10E5 /* Download.swift */; };
		4020CE151DBB569000461181 /* Switches.swift in Sources */ = {isa = PBXBuildFile; fileRef = 4020CE141DBB569000461181 /* Switches.swift */; };
		4020CE171DBCA1E900461181 /* GoogleService-Info.plist in Resources */ = {isa = PBXBuildFile; fileRef = 4020CE161DBCA1E900461181 /* GoogleService-Info.plist */; };
		4020CE1E1DBCA84C00461181 /* Bolts.framework in Frameworks */ = {isa = PBXBuildFile; fileRef = 4020CE1A1DBCA84C00461181 /* Bolts.framework */; };
		4020CE1F1DBCA84C00461181 /* FBSDKCoreKit.framework in Frameworks */ = {isa = PBXBuildFile; fileRef = 4020CE1B1DBCA84C00461181 /* FBSDKCoreKit.framework */; };
		4020CE201DBCA84C00461181 /* FBSDKLoginKit.framework in Frameworks */ = {isa = PBXBuildFile; fileRef = 4020CE1C1DBCA84C00461181 /* FBSDKLoginKit.framework */; };
		4020CE211DBCA84C00461181 /* FBSDKShareKit.framework in Frameworks */ = {isa = PBXBuildFile; fileRef = 4020CE1D1DBCA84C00461181 /* FBSDKShareKit.framework */; };
		4024F2211DB7E2E9007819F7 /* ClassroomController.swift in Sources */ = {isa = PBXBuildFile; fileRef = 4024F2201DB7E2E9007819F7 /* ClassroomController.swift */; };
		4024F2231DB7F664007819F7 /* Classroom.swift in Sources */ = {isa = PBXBuildFile; fileRef = 4024F2221DB7F664007819F7 /* Classroom.swift */; };
		4024F2251DB7F83F007819F7 /* ClassroomMessage.swift in Sources */ = {isa = PBXBuildFile; fileRef = 4024F2241DB7F83F007819F7 /* ClassroomMessage.swift */; };
		4024F2271DB82239007819F7 /* ClassroomCell.swift in Sources */ = {isa = PBXBuildFile; fileRef = 4024F2261DB82239007819F7 /* ClassroomCell.swift */; };
		4024F2291DB853F9007819F7 /* ChatClassroomController.swift in Sources */ = {isa = PBXBuildFile; fileRef = 4024F2281DB853F9007819F7 /* ChatClassroomController.swift */; };
		4024F22B1DB85C0E007819F7 /* PaddingLabel.swift in Sources */ = {isa = PBXBuildFile; fileRef = 4024F22A1DB85C0E007819F7 /* PaddingLabel.swift */; };
		4024F22D1DB86B18007819F7 /* ClassroomChatCell.swift in Sources */ = {isa = PBXBuildFile; fileRef = 4024F22C1DB86B18007819F7 /* ClassroomChatCell.swift */; };
		4024F2311DB88262007819F7 /* ModalChatClassroomController.swift in Sources */ = {isa = PBXBuildFile; fileRef = 4024F2301DB88262007819F7 /* ModalChatClassroomController.swift */; };
		4024F2331DB9454B007819F7 /* LoginController.swift in Sources */ = {isa = PBXBuildFile; fileRef = 4024F2321DB9454B007819F7 /* LoginController.swift */; };
		4024F2351DBB2155007819F7 /* IntroController.swift in Sources */ = {isa = PBXBuildFile; fileRef = 4024F2341DBB2155007819F7 /* IntroController.swift */; };
		4031FB9A1DC04B490066E6B6 /* MyProfile.swift in Sources */ = {isa = PBXBuildFile; fileRef = 4031FB991DC04B490066E6B6 /* MyProfile.swift */; };
		4031FB9C1DC0691C0066E6B6 /* StorageService.swift in Sources */ = {isa = PBXBuildFile; fileRef = 4031FB9B1DC0691C0066E6B6 /* StorageService.swift */; };
		404C22FA1DBDB86D0054FE19 /* UserDefaults.swift in Sources */ = {isa = PBXBuildFile; fileRef = 404C22F91DBDB86D0054FE19 /* UserDefaults.swift */; };
		4064A1B61DAC381300071383 /* AppDelegate.swift in Sources */ = {isa = PBXBuildFile; fileRef = 4064A1B51DAC381300071383 /* AppDelegate.swift */; };
		4064A1B81DAC381300071383 /* InboxController.swift in Sources */ = {isa = PBXBuildFile; fileRef = 4064A1B71DAC381300071383 /* InboxController.swift */; };
		4064A1C01DAC381300071383 /* Assets.xcassets in Resources */ = {isa = PBXBuildFile; fileRef = 4064A1BF1DAC381300071383 /* Assets.xcassets */; };
		4064A1C31DAC381300071383 /* LaunchScreen.storyboard in Resources */ = {isa = PBXBuildFile; fileRef = 4064A1C11DAC381300071383 /* LaunchScreen.storyboard */; };
		4064A1CB1DAC495D00071383 /* DummyDataService.swift in Sources */ = {isa = PBXBuildFile; fileRef = 4064A1CA1DAC495D00071383 /* DummyDataService.swift */; };
		4064A1E41DAC590900071383 /* ChatController.swift in Sources */ = {isa = PBXBuildFile; fileRef = 4064A1E31DAC590900071383 /* ChatController.swift */; };
		4064A1E61DAC7DA600071383 /* CustomTabBarController.swift in Sources */ = {isa = PBXBuildFile; fileRef = 4064A1E51DAC7DA600071383 /* CustomTabBarController.swift */; };
		4064A1EB1DAC80F100071383 /* Constants.swift in Sources */ = {isa = PBXBuildFile; fileRef = 4064A1EA1DAC80F100071383 /* Constants.swift */; };
		4064A1F81DAC811F00071383 /* AvenirLTStd-Black.otf in Resources */ = {isa = PBXBuildFile; fileRef = 4064A1EC1DAC811F00071383 /* AvenirLTStd-Black.otf */; };
		4064A1F91DAC811F00071383 /* AvenirLTStd-BlackOblique.otf in Resources */ = {isa = PBXBuildFile; fileRef = 4064A1ED1DAC811F00071383 /* AvenirLTStd-BlackOblique.otf */; };
		4064A1FA1DAC811F00071383 /* AvenirLTStd-Book.otf in Resources */ = {isa = PBXBuildFile; fileRef = 4064A1EE1DAC811F00071383 /* AvenirLTStd-Book.otf */; };
		4064A1FB1DAC811F00071383 /* AvenirLTStd-BookOblique.otf in Resources */ = {isa = PBXBuildFile; fileRef = 4064A1EF1DAC811F00071383 /* AvenirLTStd-BookOblique.otf */; };
		4064A1FC1DAC811F00071383 /* AvenirLTStd-Heavy.otf in Resources */ = {isa = PBXBuildFile; fileRef = 4064A1F01DAC811F00071383 /* AvenirLTStd-Heavy.otf */; };
		4064A1FD1DAC811F00071383 /* AvenirLTStd-HeavyOblique.otf in Resources */ = {isa = PBXBuildFile; fileRef = 4064A1F11DAC811F00071383 /* AvenirLTStd-HeavyOblique.otf */; };
		4064A1FE1DAC811F00071383 /* AvenirLTStd-Light.otf in Resources */ = {isa = PBXBuildFile; fileRef = 4064A1F21DAC811F00071383 /* AvenirLTStd-Light.otf */; };
		4064A1FF1DAC811F00071383 /* AvenirLTStd-LightOblique.otf in Resources */ = {isa = PBXBuildFile; fileRef = 4064A1F31DAC811F00071383 /* AvenirLTStd-LightOblique.otf */; };
		4064A2001DAC811F00071383 /* AvenirLTStd-Medium.otf in Resources */ = {isa = PBXBuildFile; fileRef = 4064A1F41DAC811F00071383 /* AvenirLTStd-Medium.otf */; };
		4064A2011DAC811F00071383 /* AvenirLTStd-MediumOblique.otf in Resources */ = {isa = PBXBuildFile; fileRef = 4064A1F51DAC811F00071383 /* AvenirLTStd-MediumOblique.otf */; };
		4064A2021DAC811F00071383 /* AvenirLTStd-Oblique.otf in Resources */ = {isa = PBXBuildFile; fileRef = 4064A1F61DAC811F00071383 /* AvenirLTStd-Oblique.otf */; };
		4064A2031DAC811F00071383 /* AvenirLTStd-Roman.otf in Resources */ = {isa = PBXBuildFile; fileRef = 4064A1F71DAC811F00071383 /* AvenirLTStd-Roman.otf */; };
		4064A2051DAC868E00071383 /* CustomNavigationController.swift in Sources */ = {isa = PBXBuildFile; fileRef = 4064A2041DAC868E00071383 /* CustomNavigationController.swift */; };
		4064A20F1DACB62500071383 /* TODO in Resources */ = {isa = PBXBuildFile; fileRef = 4064A20E1DACB62500071383 /* TODO */; };
		4064A2141DACBCAA00071383 /* BaseCollectionCell.swift in Sources */ = {isa = PBXBuildFile; fileRef = 4064A2131DACBCAA00071383 /* BaseCollectionCell.swift */; };
		4064A2161DACBCDC00071383 /* Extensions.swift in Sources */ = {isa = PBXBuildFile; fileRef = 4064A2151DACBCDC00071383 /* Extensions.swift */; };
		4064A2181DACC1B700071383 /* ChatCell.swift in Sources */ = {isa = PBXBuildFile; fileRef = 4064A2171DACC1B700071383 /* ChatCell.swift */; };
		4064A21A1DACC20E00071383 /* InboxCell.swift in Sources */ = {isa = PBXBuildFile; fileRef = 4064A2191DACC20E00071383 /* InboxCell.swift */; };
		4064A21F1DAD72DF00071383 /* Functions.swift in Sources */ = {isa = PBXBuildFile; fileRef = 4064A21E1DAD72DF00071383 /* Functions.swift */; };
		4064A2211DADE67E00071383 /* ChatHeaderView.swift in Sources */ = {isa = PBXBuildFile; fileRef = 4064A2201DADE67E00071383 /* ChatHeaderView.swift */; };
		4064A2271DB13FBD00071383 /* Debug.swift in Sources */ = {isa = PBXBuildFile; fileRef = 4064A2261DB13FBD00071383 /* Debug.swift */; };
		4064A2291DB2B0B500071383 /* InboxMessage.swift in Sources */ = {isa = PBXBuildFile; fileRef = 4064A2281DB2B0B500071383 /* InboxMessage.swift */; };
		4064A22B1DB2B27F00071383 /* Inbox.swift in Sources */ = {isa = PBXBuildFile; fileRef = 4064A22A1DB2B27F00071383 /* Inbox.swift */; };
		4064A2521DB346A800071383 /* Profile.swift in Sources */ = {isa = PBXBuildFile; fileRef = 4064A2511DB346A800071383 /* Profile.swift */; };
		4064A2541DB34E4D00071383 /* ProfileController.swift in Sources */ = {isa = PBXBuildFile; fileRef = 4064A2531DB34E4D00071383 /* ProfileController.swift */; };
		4064A2561DB3E5E800071383 /* ProfileCell.swift in Sources */ = {isa = PBXBuildFile; fileRef = 4064A2551DB3E5E800071383 /* ProfileCell.swift */; };
		40785D5B1E04EDCE009B66E0 /* HorizontalScrollCell.swift in Sources */ = {isa = PBXBuildFile; fileRef = 40785D5A1E04EDCE009B66E0 /* HorizontalScrollCell.swift */; };
		40785D5F1E093AAF009B66E0 /* MeController.swift in Sources */ = {isa = PBXBuildFile; fileRef = 40785D5E1E093AAF009B66E0 /* MeController.swift */; };
		40785D611E0D2C81009B66E0 /* DataService.swift in Sources */ = {isa = PBXBuildFile; fileRef = 40785D601E0D2C81009B66E0 /* DataService.swift */; };
		40785D631E0D981C009B66E0 /* InboxService.swift in Sources */ = {isa = PBXBuildFile; fileRef = 40785D621E0D981C009B66E0 /* InboxService.swift */; };
		40785D651E0D9868009B66E0 /* UserService.swift in Sources */ = {isa = PBXBuildFile; fileRef = 40785D641E0D9868009B66E0 /* UserService.swift */; };
		40785D671E0E5A1F009B66E0 /* RemoteService.swift in Sources */ = {isa = PBXBuildFile; fileRef = 40785D661E0E5A1F009B66E0 /* RemoteService.swift */; };
		4081B2621E1500FF00D6E690 /* Question.swift in Sources */ = {isa = PBXBuildFile; fileRef = 4081B2611E1500FF00D6E690 /* Question.swift */; };
		409F05F21DD81E1D001B673F /* Upload.swift in Sources */ = {isa = PBXBuildFile; fileRef = 409F05F11DD81E1D001B673F /* Upload.swift */; };
		40A2C0871E13D61F00D477E1 /* WebviewController.swift in Sources */ = {isa = PBXBuildFile; fileRef = 40A2C0861E13D61F00D477E1 /* WebviewController.swift */; };
		40AB7FF81DB59C9600492788 /* SettingsController.swift in Sources */ = {isa = PBXBuildFile; fileRef = 40AB7FF71DB59C9600492788 /* SettingsController.swift */; };
		40AB7FFA1DB5B06A00492788 /* SettingCell.swift in Sources */ = {isa = PBXBuildFile; fileRef = 40AB7FF91DB5B06A00492788 /* SettingCell.swift */; };
		40AB7FFC1DB5B09700492788 /* BaseTableViewCell.swift in Sources */ = {isa = PBXBuildFile; fileRef = 40AB7FFB1DB5B09700492788 /* BaseTableViewCell.swift */; };
		40AB7FFE1DB5B89C00492788 /* Setting.swift in Sources */ = {isa = PBXBuildFile; fileRef = 40AB7FFD1DB5B89C00492788 /* Setting.swift */; };
		40AB80001DB5FDB100492788 /* EditProfileController.swift in Sources */ = {isa = PBXBuildFile; fileRef = 40AB7FFF1DB5FDB100492788 /* EditProfileController.swift */; };
		40AB80031DB6FAA200492788 /* PictureModalController.swift in Sources */ = {isa = PBXBuildFile; fileRef = 40AB80021DB6FAA200492788 /* PictureModalController.swift */; };
		40AB80051DB7094700492788 /* EditProfessionalController.swift in Sources */ = {isa = PBXBuildFile; fileRef = 40AB80041DB7094700492788 /* EditProfessionalController.swift */; };
		40AB80071DB7095200492788 /* EditTaglineController.swift in Sources */ = {isa = PBXBuildFile; fileRef = 40AB80061DB7095200492788 /* EditTaglineController.swift */; };
		40ADEED91DDD12D000CE529A /* Config.swift in Sources */ = {isa = PBXBuildFile; fileRef = 40ADEECF1DDD12D000CE529A /* Config.swift */; };
		40ADEEDA1DDD12D000CE529A /* ColorList.swift in Sources */ = {isa = PBXBuildFile; fileRef = 40ADEED11DDD12D000CE529A /* ColorList.swift */; };
		40ADEEDB1DDD12D000CE529A /* FontList.swift in Sources */ = {isa = PBXBuildFile; fileRef = 40ADEED21DDD12D000CE529A /* FontList.swift */; };
		40ADEEDC1DDD12D000CE529A /* Message.swift in Sources */ = {isa = PBXBuildFile; fileRef = 40ADEED31DDD12D000CE529A /* Message.swift */; };
		40ADEEDD1DDD12D000CE529A /* ShoutFactory.swift in Sources */ = {isa = PBXBuildFile; fileRef = 40ADEED41DDD12D000CE529A /* ShoutFactory.swift */; };
		40ADEEDE1DDD12D000CE529A /* Showing.swift in Sources */ = {isa = PBXBuildFile; fileRef = 40ADEED51DDD12D000CE529A /* Showing.swift */; };
		40ADEEDF1DDD12D000CE529A /* WhisperFactory.swift in Sources */ = {isa = PBXBuildFile; fileRef = 40ADEED61DDD12D000CE529A /* WhisperFactory.swift */; };
		40ADEEE01DDD12D000CE529A /* WhisperView.swift in Sources */ = {isa = PBXBuildFile; fileRef = 40ADEED71DDD12D000CE529A /* WhisperView.swift */; };
		40ADEEE11DDD12D000CE529A /* WhistleFactory.swift in Sources */ = {isa = PBXBuildFile; fileRef = 40ADEED81DDD12D000CE529A /* WhistleFactory.swift */; };
		40ADEEE31DDD82E300CE529A /* Enums.swift in Sources */ = {isa = PBXBuildFile; fileRef = 40ADEEE21DDD82E300CE529A /* Enums.swift */; };
		40E2E1401DD26B8200469B4D /* Discipline.swift in Sources */ = {isa = PBXBuildFile; fileRef = 40E2E13F1DD26B8200469B4D /* Discipline.swift */; };
		40E2E1421DD3788300469B4D /* CustomActivityIndicatorView.swift in Sources */ = {isa = PBXBuildFile; fileRef = 40E2E1411DD3788300469B4D /* CustomActivityIndicatorView.swift */; };
		FED3D2F8E9831031BBFFDBEB /* Pods_ios_428_app.framework in Frameworks */ = {isa = PBXBuildFile; fileRef = 1B0A78A64649B55915C0C572 /* Pods_ios_428_app.framework */; settings = {ATTRIBUTES = (Weak, ); }; };
/* End PBXBuildFile section */

/* Begin PBXFileReference section */
		04E3B82C0B8AC7357CE89687 /* Pods-ios-428-app.debug.xcconfig */ = {isa = PBXFileReference; includeInIndex = 1; lastKnownFileType = text.xcconfig; name = "Pods-ios-428-app.debug.xcconfig"; path = "Pods/Target Support Files/Pods-ios-428-app/Pods-ios-428-app.debug.xcconfig"; sourceTree = "<group>"; };
		0D2BDEFFA9091FABC468335E /* Pods-ios-428-app.release.xcconfig */ = {isa = PBXFileReference; includeInIndex = 1; lastKnownFileType = text.xcconfig; name = "Pods-ios-428-app.release.xcconfig"; path = "Pods/Target Support Files/Pods-ios-428-app/Pods-ios-428-app.release.xcconfig"; sourceTree = "<group>"; };
		1B0A78A64649B55915C0C572 /* Pods_ios_428_app.framework */ = {isa = PBXFileReference; explicitFileType = wrapper.framework; includeInIndex = 0; path = Pods_ios_428_app.framework; sourceTree = BUILT_PRODUCTS_DIR; };
		4000C3791DD81227009C10E5 /* Download.swift */ = {isa = PBXFileReference; fileEncoding = 4; lastKnownFileType = sourcecode.swift; path = Download.swift; sourceTree = "<group>"; };
		4020CE141DBB569000461181 /* Switches.swift */ = {isa = PBXFileReference; fileEncoding = 4; lastKnownFileType = sourcecode.swift; path = Switches.swift; sourceTree = "<group>"; };
		4020CE161DBCA1E900461181 /* GoogleService-Info.plist */ = {isa = PBXFileReference; fileEncoding = 4; lastKnownFileType = text.plist.xml; path = "GoogleService-Info.plist"; sourceTree = "<group>"; };
		4020CE1A1DBCA84C00461181 /* Bolts.framework */ = {isa = PBXFileReference; lastKnownFileType = wrapper.framework; path = Bolts.framework; sourceTree = "<group>"; };
		4020CE1B1DBCA84C00461181 /* FBSDKCoreKit.framework */ = {isa = PBXFileReference; lastKnownFileType = wrapper.framework; path = FBSDKCoreKit.framework; sourceTree = "<group>"; };
		4020CE1C1DBCA84C00461181 /* FBSDKLoginKit.framework */ = {isa = PBXFileReference; lastKnownFileType = wrapper.framework; path = FBSDKLoginKit.framework; sourceTree = "<group>"; };
		4020CE1D1DBCA84C00461181 /* FBSDKShareKit.framework */ = {isa = PBXFileReference; lastKnownFileType = wrapper.framework; path = FBSDKShareKit.framework; sourceTree = "<group>"; };
		4020CE221DBCADFD00461181 /* ios-428-app.entitlements */ = {isa = PBXFileReference; lastKnownFileType = text.plist.entitlements; path = "ios-428-app.entitlements"; sourceTree = "<group>"; };
		4024F2201DB7E2E9007819F7 /* ClassroomController.swift */ = {isa = PBXFileReference; fileEncoding = 4; lastKnownFileType = sourcecode.swift; path = ClassroomController.swift; sourceTree = "<group>"; };
		4024F2221DB7F664007819F7 /* Classroom.swift */ = {isa = PBXFileReference; fileEncoding = 4; lastKnownFileType = sourcecode.swift; path = Classroom.swift; sourceTree = "<group>"; };
		4024F2241DB7F83F007819F7 /* ClassroomMessage.swift */ = {isa = PBXFileReference; fileEncoding = 4; lastKnownFileType = sourcecode.swift; path = ClassroomMessage.swift; sourceTree = "<group>"; };
		4024F2261DB82239007819F7 /* ClassroomCell.swift */ = {isa = PBXFileReference; fileEncoding = 4; lastKnownFileType = sourcecode.swift; path = ClassroomCell.swift; sourceTree = "<group>"; };
		4024F2281DB853F9007819F7 /* ChatClassroomController.swift */ = {isa = PBXFileReference; fileEncoding = 4; lastKnownFileType = sourcecode.swift; path = ChatClassroomController.swift; sourceTree = "<group>"; };
		4024F22A1DB85C0E007819F7 /* PaddingLabel.swift */ = {isa = PBXFileReference; fileEncoding = 4; lastKnownFileType = sourcecode.swift; path = PaddingLabel.swift; sourceTree = "<group>"; };
		4024F22C1DB86B18007819F7 /* ClassroomChatCell.swift */ = {isa = PBXFileReference; fileEncoding = 4; lastKnownFileType = sourcecode.swift; path = ClassroomChatCell.swift; sourceTree = "<group>"; };
		4024F2301DB88262007819F7 /* ModalChatClassroomController.swift */ = {isa = PBXFileReference; fileEncoding = 4; lastKnownFileType = sourcecode.swift; path = ModalChatClassroomController.swift; sourceTree = "<group>"; };
		4024F2321DB9454B007819F7 /* LoginController.swift */ = {isa = PBXFileReference; fileEncoding = 4; lastKnownFileType = sourcecode.swift; path = LoginController.swift; sourceTree = "<group>"; };
		4024F2341DBB2155007819F7 /* IntroController.swift */ = {isa = PBXFileReference; fileEncoding = 4; lastKnownFileType = sourcecode.swift; path = IntroController.swift; sourceTree = "<group>"; };
		4031FB991DC04B490066E6B6 /* MyProfile.swift */ = {isa = PBXFileReference; fileEncoding = 4; lastKnownFileType = sourcecode.swift; path = MyProfile.swift; sourceTree = "<group>"; };
		4031FB9B1DC0691C0066E6B6 /* StorageService.swift */ = {isa = PBXFileReference; fileEncoding = 4; lastKnownFileType = sourcecode.swift; path = StorageService.swift; sourceTree = "<group>"; };
		404C22F91DBDB86D0054FE19 /* UserDefaults.swift */ = {isa = PBXFileReference; fileEncoding = 4; lastKnownFileType = sourcecode.swift; path = UserDefaults.swift; sourceTree = "<group>"; };
		4064A1B21DAC381300071383 /* ios-428-app.app */ = {isa = PBXFileReference; explicitFileType = wrapper.application; includeInIndex = 0; path = "ios-428-app.app"; sourceTree = BUILT_PRODUCTS_DIR; };
		4064A1B51DAC381300071383 /* AppDelegate.swift */ = {isa = PBXFileReference; lastKnownFileType = sourcecode.swift; path = AppDelegate.swift; sourceTree = "<group>"; };
		4064A1B71DAC381300071383 /* InboxController.swift */ = {isa = PBXFileReference; lastKnownFileType = sourcecode.swift; path = InboxController.swift; sourceTree = "<group>"; };
		4064A1BF1DAC381300071383 /* Assets.xcassets */ = {isa = PBXFileReference; lastKnownFileType = folder.assetcatalog; path = Assets.xcassets; sourceTree = "<group>"; };
		4064A1C21DAC381300071383 /* Base */ = {isa = PBXFileReference; lastKnownFileType = file.storyboard; name = Base; path = Base.lproj/LaunchScreen.storyboard; sourceTree = "<group>"; };
		4064A1C41DAC381300071383 /* Info.plist */ = {isa = PBXFileReference; lastKnownFileType = text.plist.xml; path = Info.plist; sourceTree = "<group>"; };
		4064A1CA1DAC495D00071383 /* DummyDataService.swift */ = {isa = PBXFileReference; fileEncoding = 4; lastKnownFileType = sourcecode.swift; path = DummyDataService.swift; sourceTree = "<group>"; };
		4064A1E31DAC590900071383 /* ChatController.swift */ = {isa = PBXFileReference; fileEncoding = 4; lastKnownFileType = sourcecode.swift; path = ChatController.swift; sourceTree = "<group>"; };
		4064A1E51DAC7DA600071383 /* CustomTabBarController.swift */ = {isa = PBXFileReference; fileEncoding = 4; lastKnownFileType = sourcecode.swift; path = CustomTabBarController.swift; sourceTree = "<group>"; };
		4064A1EA1DAC80F100071383 /* Constants.swift */ = {isa = PBXFileReference; fileEncoding = 4; lastKnownFileType = sourcecode.swift; path = Constants.swift; sourceTree = "<group>"; };
		4064A1EC1DAC811F00071383 /* AvenirLTStd-Black.otf */ = {isa = PBXFileReference; lastKnownFileType = file; path = "AvenirLTStd-Black.otf"; sourceTree = "<group>"; };
		4064A1ED1DAC811F00071383 /* AvenirLTStd-BlackOblique.otf */ = {isa = PBXFileReference; lastKnownFileType = file; path = "AvenirLTStd-BlackOblique.otf"; sourceTree = "<group>"; };
		4064A1EE1DAC811F00071383 /* AvenirLTStd-Book.otf */ = {isa = PBXFileReference; lastKnownFileType = file; path = "AvenirLTStd-Book.otf"; sourceTree = "<group>"; };
		4064A1EF1DAC811F00071383 /* AvenirLTStd-BookOblique.otf */ = {isa = PBXFileReference; lastKnownFileType = file; path = "AvenirLTStd-BookOblique.otf"; sourceTree = "<group>"; };
		4064A1F01DAC811F00071383 /* AvenirLTStd-Heavy.otf */ = {isa = PBXFileReference; lastKnownFileType = file; path = "AvenirLTStd-Heavy.otf"; sourceTree = "<group>"; };
		4064A1F11DAC811F00071383 /* AvenirLTStd-HeavyOblique.otf */ = {isa = PBXFileReference; lastKnownFileType = file; path = "AvenirLTStd-HeavyOblique.otf"; sourceTree = "<group>"; };
		4064A1F21DAC811F00071383 /* AvenirLTStd-Light.otf */ = {isa = PBXFileReference; lastKnownFileType = file; path = "AvenirLTStd-Light.otf"; sourceTree = "<group>"; };
		4064A1F31DAC811F00071383 /* AvenirLTStd-LightOblique.otf */ = {isa = PBXFileReference; lastKnownFileType = file; path = "AvenirLTStd-LightOblique.otf"; sourceTree = "<group>"; };
		4064A1F41DAC811F00071383 /* AvenirLTStd-Medium.otf */ = {isa = PBXFileReference; lastKnownFileType = file; path = "AvenirLTStd-Medium.otf"; sourceTree = "<group>"; };
		4064A1F51DAC811F00071383 /* AvenirLTStd-MediumOblique.otf */ = {isa = PBXFileReference; lastKnownFileType = file; path = "AvenirLTStd-MediumOblique.otf"; sourceTree = "<group>"; };
		4064A1F61DAC811F00071383 /* AvenirLTStd-Oblique.otf */ = {isa = PBXFileReference; lastKnownFileType = file; path = "AvenirLTStd-Oblique.otf"; sourceTree = "<group>"; };
		4064A1F71DAC811F00071383 /* AvenirLTStd-Roman.otf */ = {isa = PBXFileReference; lastKnownFileType = file; path = "AvenirLTStd-Roman.otf"; sourceTree = "<group>"; };
		4064A2041DAC868E00071383 /* CustomNavigationController.swift */ = {isa = PBXFileReference; fileEncoding = 4; lastKnownFileType = sourcecode.swift; path = CustomNavigationController.swift; sourceTree = "<group>"; };
		4064A20E1DACB62500071383 /* TODO */ = {isa = PBXFileReference; fileEncoding = 4; lastKnownFileType = text; path = TODO; sourceTree = "<group>"; };
		4064A2131DACBCAA00071383 /* BaseCollectionCell.swift */ = {isa = PBXFileReference; fileEncoding = 4; lastKnownFileType = sourcecode.swift; path = BaseCollectionCell.swift; sourceTree = "<group>"; };
		4064A2151DACBCDC00071383 /* Extensions.swift */ = {isa = PBXFileReference; fileEncoding = 4; lastKnownFileType = sourcecode.swift; path = Extensions.swift; sourceTree = "<group>"; };
		4064A2171DACC1B700071383 /* ChatCell.swift */ = {isa = PBXFileReference; fileEncoding = 4; lastKnownFileType = sourcecode.swift; path = ChatCell.swift; sourceTree = "<group>"; };
		4064A2191DACC20E00071383 /* InboxCell.swift */ = {isa = PBXFileReference; fileEncoding = 4; lastKnownFileType = sourcecode.swift; path = InboxCell.swift; sourceTree = "<group>"; };
		4064A21E1DAD72DF00071383 /* Functions.swift */ = {isa = PBXFileReference; fileEncoding = 4; lastKnownFileType = sourcecode.swift; path = Functions.swift; sourceTree = "<group>"; };
		4064A2201DADE67E00071383 /* ChatHeaderView.swift */ = {isa = PBXFileReference; fileEncoding = 4; lastKnownFileType = sourcecode.swift; path = ChatHeaderView.swift; sourceTree = "<group>"; };
		4064A2261DB13FBD00071383 /* Debug.swift */ = {isa = PBXFileReference; fileEncoding = 4; lastKnownFileType = sourcecode.swift; path = Debug.swift; sourceTree = "<group>"; };
		4064A2281DB2B0B500071383 /* InboxMessage.swift */ = {isa = PBXFileReference; fileEncoding = 4; lastKnownFileType = sourcecode.swift; path = InboxMessage.swift; sourceTree = "<group>"; };
		4064A22A1DB2B27F00071383 /* Inbox.swift */ = {isa = PBXFileReference; fileEncoding = 4; lastKnownFileType = sourcecode.swift; path = Inbox.swift; sourceTree = "<group>"; };
		4064A2511DB346A800071383 /* Profile.swift */ = {isa = PBXFileReference; fileEncoding = 4; lastKnownFileType = sourcecode.swift; path = Profile.swift; sourceTree = "<group>"; };
		4064A2531DB34E4D00071383 /* ProfileController.swift */ = {isa = PBXFileReference; fileEncoding = 4; lastKnownFileType = sourcecode.swift; path = ProfileController.swift; sourceTree = "<group>"; };
		4064A2551DB3E5E800071383 /* ProfileCell.swift */ = {isa = PBXFileReference; fileEncoding = 4; lastKnownFileType = sourcecode.swift; path = ProfileCell.swift; sourceTree = "<group>"; };
		40785D5A1E04EDCE009B66E0 /* HorizontalScrollCell.swift */ = {isa = PBXFileReference; fileEncoding = 4; lastKnownFileType = sourcecode.swift; path = HorizontalScrollCell.swift; sourceTree = "<group>"; };
		40785D5E1E093AAF009B66E0 /* MeController.swift */ = {isa = PBXFileReference; fileEncoding = 4; lastKnownFileType = sourcecode.swift; path = MeController.swift; sourceTree = "<group>"; };
		40785D601E0D2C81009B66E0 /* DataService.swift */ = {isa = PBXFileReference; fileEncoding = 4; lastKnownFileType = sourcecode.swift; path = DataService.swift; sourceTree = "<group>"; };
		40785D621E0D981C009B66E0 /* InboxService.swift */ = {isa = PBXFileReference; fileEncoding = 4; lastKnownFileType = sourcecode.swift; path = InboxService.swift; sourceTree = "<group>"; };
		40785D641E0D9868009B66E0 /* UserService.swift */ = {isa = PBXFileReference; fileEncoding = 4; lastKnownFileType = sourcecode.swift; path = UserService.swift; sourceTree = "<group>"; };
		40785D661E0E5A1F009B66E0 /* RemoteService.swift */ = {isa = PBXFileReference; fileEncoding = 4; lastKnownFileType = sourcecode.swift; path = RemoteService.swift; sourceTree = "<group>"; };
		4081B2611E1500FF00D6E690 /* Question.swift */ = {isa = PBXFileReference; fileEncoding = 4; lastKnownFileType = sourcecode.swift; path = Question.swift; sourceTree = "<group>"; };
		409F05F11DD81E1D001B673F /* Upload.swift */ = {isa = PBXFileReference; fileEncoding = 4; lastKnownFileType = sourcecode.swift; path = Upload.swift; sourceTree = "<group>"; };
		40A2C0861E13D61F00D477E1 /* WebviewController.swift */ = {isa = PBXFileReference; fileEncoding = 4; lastKnownFileType = sourcecode.swift; path = WebviewController.swift; sourceTree = "<group>"; };
		40AB7FF71DB59C9600492788 /* SettingsController.swift */ = {isa = PBXFileReference; fileEncoding = 4; lastKnownFileType = sourcecode.swift; path = SettingsController.swift; sourceTree = "<group>"; };
		40AB7FF91DB5B06A00492788 /* SettingCell.swift */ = {isa = PBXFileReference; fileEncoding = 4; lastKnownFileType = sourcecode.swift; path = SettingCell.swift; sourceTree = "<group>"; };
		40AB7FFB1DB5B09700492788 /* BaseTableViewCell.swift */ = {isa = PBXFileReference; fileEncoding = 4; lastKnownFileType = sourcecode.swift; path = BaseTableViewCell.swift; sourceTree = "<group>"; };
		40AB7FFD1DB5B89C00492788 /* Setting.swift */ = {isa = PBXFileReference; fileEncoding = 4; lastKnownFileType = sourcecode.swift; path = Setting.swift; sourceTree = "<group>"; };
		40AB7FFF1DB5FDB100492788 /* EditProfileController.swift */ = {isa = PBXFileReference; fileEncoding = 4; lastKnownFileType = sourcecode.swift; path = EditProfileController.swift; sourceTree = "<group>"; };
		40AB80021DB6FAA200492788 /* PictureModalController.swift */ = {isa = PBXFileReference; fileEncoding = 4; lastKnownFileType = sourcecode.swift; path = PictureModalController.swift; sourceTree = "<group>"; };
		40AB80041DB7094700492788 /* EditProfessionalController.swift */ = {isa = PBXFileReference; fileEncoding = 4; lastKnownFileType = sourcecode.swift; path = EditProfessionalController.swift; sourceTree = "<group>"; };
		40AB80061DB7095200492788 /* EditTaglineController.swift */ = {isa = PBXFileReference; fileEncoding = 4; lastKnownFileType = sourcecode.swift; path = EditTaglineController.swift; sourceTree = "<group>"; };
		40ADEECF1DDD12D000CE529A /* Config.swift */ = {isa = PBXFileReference; fileEncoding = 4; lastKnownFileType = sourcecode.swift; path = Config.swift; sourceTree = "<group>"; };
		40ADEED11DDD12D000CE529A /* ColorList.swift */ = {isa = PBXFileReference; fileEncoding = 4; lastKnownFileType = sourcecode.swift; path = ColorList.swift; sourceTree = "<group>"; };
		40ADEED21DDD12D000CE529A /* FontList.swift */ = {isa = PBXFileReference; fileEncoding = 4; lastKnownFileType = sourcecode.swift; path = FontList.swift; sourceTree = "<group>"; };
		40ADEED31DDD12D000CE529A /* Message.swift */ = {isa = PBXFileReference; fileEncoding = 4; lastKnownFileType = sourcecode.swift; path = Message.swift; sourceTree = "<group>"; };
		40ADEED41DDD12D000CE529A /* ShoutFactory.swift */ = {isa = PBXFileReference; fileEncoding = 4; lastKnownFileType = sourcecode.swift; path = ShoutFactory.swift; sourceTree = "<group>"; };
		40ADEED51DDD12D000CE529A /* Showing.swift */ = {isa = PBXFileReference; fileEncoding = 4; lastKnownFileType = sourcecode.swift; path = Showing.swift; sourceTree = "<group>"; };
		40ADEED61DDD12D000CE529A /* WhisperFactory.swift */ = {isa = PBXFileReference; fileEncoding = 4; lastKnownFileType = sourcecode.swift; path = WhisperFactory.swift; sourceTree = "<group>"; };
		40ADEED71DDD12D000CE529A /* WhisperView.swift */ = {isa = PBXFileReference; fileEncoding = 4; lastKnownFileType = sourcecode.swift; path = WhisperView.swift; sourceTree = "<group>"; };
		40ADEED81DDD12D000CE529A /* WhistleFactory.swift */ = {isa = PBXFileReference; fileEncoding = 4; lastKnownFileType = sourcecode.swift; path = WhistleFactory.swift; sourceTree = "<group>"; };
		40ADEEE21DDD82E300CE529A /* Enums.swift */ = {isa = PBXFileReference; fileEncoding = 4; lastKnownFileType = sourcecode.swift; path = Enums.swift; sourceTree = "<group>"; };
		40E2E13F1DD26B8200469B4D /* Discipline.swift */ = {isa = PBXFileReference; fileEncoding = 4; lastKnownFileType = sourcecode.swift; path = Discipline.swift; sourceTree = "<group>"; };
		40E2E1411DD3788300469B4D /* CustomActivityIndicatorView.swift */ = {isa = PBXFileReference; fileEncoding = 4; lastKnownFileType = sourcecode.swift; path = CustomActivityIndicatorView.swift; sourceTree = "<group>"; };
/* End PBXFileReference section */

/* Begin PBXFrameworksBuildPhase section */
		4064A1AF1DAC381300071383 /* Frameworks */ = {
			isa = PBXFrameworksBuildPhase;
			buildActionMask = 2147483647;
			files = (
				FED3D2F8E9831031BBFFDBEB /* Pods_ios_428_app.framework in Frameworks */,
				4020CE1F1DBCA84C00461181 /* FBSDKCoreKit.framework in Frameworks */,
				4020CE211DBCA84C00461181 /* FBSDKShareKit.framework in Frameworks */,
				4020CE201DBCA84C00461181 /* FBSDKLoginKit.framework in Frameworks */,
				4020CE1E1DBCA84C00461181 /* Bolts.framework in Frameworks */,
			);
			runOnlyForDeploymentPostprocessing = 0;
		};
/* End PBXFrameworksBuildPhase section */

/* Begin PBXGroup section */
		4024F21F1DB7E2DB007819F7 /* Classroom */ = {
			isa = PBXGroup;
			children = (
				4024F2201DB7E2E9007819F7 /* ClassroomController.swift */,
				4024F2281DB853F9007819F7 /* ChatClassroomController.swift */,
				4024F2301DB88262007819F7 /* ModalChatClassroomController.swift */,
			);
			name = Classroom;
			sourceTree = "<group>";
		};
		404C22F71DBDB8580054FE19 /* Frontend */ = {
			isa = PBXGroup;
			children = (
				40ADEECE1DDD12D000CE529A /* Whisper */,
				40E2E13F1DD26B8200469B4D /* Discipline.swift */,
				4020CE141DBB569000461181 /* Switches.swift */,
				4064A1EA1DAC80F100071383 /* Constants.swift */,
				4064A2151DACBCDC00071383 /* Extensions.swift */,
				4064A21E1DAD72DF00071383 /* Functions.swift */,
			);
			name = Frontend;
			sourceTree = "<group>";
		};
		404C22F81DBDB8600054FE19 /* Backend */ = {
			isa = PBXGroup;
			children = (
				4031FB991DC04B490066E6B6 /* MyProfile.swift */,
				409F05F11DD81E1D001B673F /* Upload.swift */,
				4000C3791DD81227009C10E5 /* Download.swift */,
				404C22F91DBDB86D0054FE19 /* UserDefaults.swift */,
				40ADEEE21DDD82E300CE529A /* Enums.swift */,
			);
			name = Backend;
			sourceTree = "<group>";
		};
		4064A1A91DAC381300071383 = {
			isa = PBXGroup;
			children = (
				4064A20E1DACB62500071383 /* TODO */,
				4064A1B41DAC381300071383 /* ios-428-app */,
				4064A1B31DAC381300071383 /* Products */,
				544111236D68C499E17F0C04 /* Pods */,
				734284813DDF0C951C19BCCA /* Frameworks */,
			);
			sourceTree = "<group>";
		};
		4064A1B31DAC381300071383 /* Products */ = {
			isa = PBXGroup;
			children = (
				4064A1B21DAC381300071383 /* ios-428-app.app */,
			);
			name = Products;
			sourceTree = "<group>";
		};
		4064A1B41DAC381300071383 /* ios-428-app */ = {
			isa = PBXGroup;
			children = (
				4064A21B1DACC2C600071383 /* Services */,
				4064A1E81DAC80E400071383 /* Resources */,
				4064A1E71DAC80DF00071383 /* Util */,
				4064A2121DACBB2000071383 /* Controller */,
				4064A1E51DAC7DA600071383 /* CustomTabBarController.swift */,
				4064A2041DAC868E00071383 /* CustomNavigationController.swift */,
				4064A2531DB34E4D00071383 /* ProfileController.swift */,
				4064A2111DACBB1C00071383 /* View */,
				4064A2101DACBB1800071383 /* Model */,
				4064A1B51DAC381300071383 /* AppDelegate.swift */,
				4064A1BF1DAC381300071383 /* Assets.xcassets */,
				4064A1C11DAC381300071383 /* LaunchScreen.storyboard */,
				4020CE161DBCA1E900461181 /* GoogleService-Info.plist */,
				4020CE221DBCADFD00461181 /* ios-428-app.entitlements */,
				4064A1C41DAC381300071383 /* Info.plist */,
			);
			path = "ios-428-app";
			sourceTree = "<group>";
		};
		4064A1E71DAC80DF00071383 /* Util */ = {
			isa = PBXGroup;
			children = (
				404C22F81DBDB8600054FE19 /* Backend */,
				404C22F71DBDB8580054FE19 /* Frontend */,
			);
			name = Util;
			sourceTree = "<group>";
		};
		4064A1E81DAC80E400071383 /* Resources */ = {
			isa = PBXGroup;
			children = (
				4064A1E91DAC80EA00071383 /* Fonts */,
			);
			name = Resources;
			sourceTree = "<group>";
		};
		4064A1E91DAC80EA00071383 /* Fonts */ = {
			isa = PBXGroup;
			children = (
				4064A1EC1DAC811F00071383 /* AvenirLTStd-Black.otf */,
				4064A1ED1DAC811F00071383 /* AvenirLTStd-BlackOblique.otf */,
				4064A1EE1DAC811F00071383 /* AvenirLTStd-Book.otf */,
				4064A1EF1DAC811F00071383 /* AvenirLTStd-BookOblique.otf */,
				4064A1F01DAC811F00071383 /* AvenirLTStd-Heavy.otf */,
				4064A1F11DAC811F00071383 /* AvenirLTStd-HeavyOblique.otf */,
				4064A1F21DAC811F00071383 /* AvenirLTStd-Light.otf */,
				4064A1F31DAC811F00071383 /* AvenirLTStd-LightOblique.otf */,
				4064A1F41DAC811F00071383 /* AvenirLTStd-Medium.otf */,
				4064A1F51DAC811F00071383 /* AvenirLTStd-MediumOblique.otf */,
				4064A1F61DAC811F00071383 /* AvenirLTStd-Oblique.otf */,
				4064A1F71DAC811F00071383 /* AvenirLTStd-Roman.otf */,
			);
			name = Fonts;
			sourceTree = "<group>";
		};
		4064A2101DACBB1800071383 /* Model */ = {
			isa = PBXGroup;
			children = (
				4064A2281DB2B0B500071383 /* InboxMessage.swift */,
				4064A22A1DB2B27F00071383 /* Inbox.swift */,
				4064A2511DB346A800071383 /* Profile.swift */,
				40AB7FFD1DB5B89C00492788 /* Setting.swift */,
				4024F2221DB7F664007819F7 /* Classroom.swift */,
				4081B2611E1500FF00D6E690 /* Question.swift */,
				4024F2241DB7F83F007819F7 /* ClassroomMessage.swift */,
			);
			name = Model;
			sourceTree = "<group>";
		};
		4064A2111DACBB1C00071383 /* View */ = {
			isa = PBXGroup;
			children = (
				40AB80021DB6FAA200492788 /* PictureModalController.swift */,
				40785D5A1E04EDCE009B66E0 /* HorizontalScrollCell.swift */,
				4024F22A1DB85C0E007819F7 /* PaddingLabel.swift */,
				4064A2131DACBCAA00071383 /* BaseCollectionCell.swift */,
				40AB7FFB1DB5B09700492788 /* BaseTableViewCell.swift */,
				4064A2171DACC1B700071383 /* ChatCell.swift */,
				4064A2201DADE67E00071383 /* ChatHeaderView.swift */,
				4064A2191DACC20E00071383 /* InboxCell.swift */,
				4064A2551DB3E5E800071383 /* ProfileCell.swift */,
				40AB7FF91DB5B06A00492788 /* SettingCell.swift */,
				4024F2261DB82239007819F7 /* ClassroomCell.swift */,
				4024F22C1DB86B18007819F7 /* ClassroomChatCell.swift */,
				40E2E1411DD3788300469B4D /* CustomActivityIndicatorView.swift */,
			);
			name = View;
			sourceTree = "<group>";
		};
		4064A2121DACBB2000071383 /* Controller */ = {
			isa = PBXGroup;
			children = (
				40785D681E0E6B14009B66E0 /* Login */,
				40AB80011DB6FA9500492788 /* Me */,
				4024F21F1DB7E2DB007819F7 /* Classroom */,
				40A2C0881E14268500D477E1 /* Inbox */,
			);
			name = Controller;
			sourceTree = "<group>";
		};
		4064A21B1DACC2C600071383 /* Services */ = {
			isa = PBXGroup;
			children = (
				4064A2261DB13FBD00071383 /* Debug.swift */,
				4064A1CA1DAC495D00071383 /* DummyDataService.swift */,
				40785D601E0D2C81009B66E0 /* DataService.swift */,
				40785D641E0D9868009B66E0 /* UserService.swift */,
				40785D621E0D981C009B66E0 /* InboxService.swift */,
				40785D661E0E5A1F009B66E0 /* RemoteService.swift */,
				4031FB9B1DC0691C0066E6B6 /* StorageService.swift */,
			);
			name = Services;
			sourceTree = "<group>";
		};
		40785D681E0E6B14009B66E0 /* Login */ = {
			isa = PBXGroup;
			children = (
				4024F2321DB9454B007819F7 /* LoginController.swift */,
				4024F2341DBB2155007819F7 /* IntroController.swift */,
			);
			name = Login;
			sourceTree = "<group>";
		};
		40A2C0881E14268500D477E1 /* Inbox */ = {
			isa = PBXGroup;
			children = (
				4064A1B71DAC381300071383 /* InboxController.swift */,
				4064A1E31DAC590900071383 /* ChatController.swift */,
			);
			name = Inbox;
			sourceTree = "<group>";
		};
		40AB80011DB6FA9500492788 /* Me */ = {
			isa = PBXGroup;
			children = (
				40785D5E1E093AAF009B66E0 /* MeController.swift */,
				40AB7FFF1DB5FDB100492788 /* EditProfileController.swift */,
				40AB80041DB7094700492788 /* EditProfessionalController.swift */,
				40AB80061DB7095200492788 /* EditTaglineController.swift */,
				40AB7FF71DB59C9600492788 /* SettingsController.swift */,
				40A2C0861E13D61F00D477E1 /* WebviewController.swift */,
			);
			name = Me;
			sourceTree = "<group>";
		};
		40ADEECE1DDD12D000CE529A /* Whisper */ = {
			isa = PBXGroup;
			children = (
				40ADEECF1DDD12D000CE529A /* Config.swift */,
				40ADEED01DDD12D000CE529A /* Configuration */,
				40ADEED31DDD12D000CE529A /* Message.swift */,
				40ADEED41DDD12D000CE529A /* ShoutFactory.swift */,
				40ADEED51DDD12D000CE529A /* Showing.swift */,
				40ADEED61DDD12D000CE529A /* WhisperFactory.swift */,
				40ADEED71DDD12D000CE529A /* WhisperView.swift */,
				40ADEED81DDD12D000CE529A /* WhistleFactory.swift */,
			);
			path = Whisper;
			sourceTree = "<group>";
		};
		40ADEED01DDD12D000CE529A /* Configuration */ = {
			isa = PBXGroup;
			children = (
				40ADEED11DDD12D000CE529A /* ColorList.swift */,
				40ADEED21DDD12D000CE529A /* FontList.swift */,
			);
			path = Configuration;
			sourceTree = "<group>";
		};
		544111236D68C499E17F0C04 /* Pods */ = {
			isa = PBXGroup;
			children = (
				04E3B82C0B8AC7357CE89687 /* Pods-ios-428-app.debug.xcconfig */,
				0D2BDEFFA9091FABC468335E /* Pods-ios-428-app.release.xcconfig */,
			);
			name = Pods;
			sourceTree = "<group>";
		};
		734284813DDF0C951C19BCCA /* Frameworks */ = {
			isa = PBXGroup;
			children = (
				4020CE1A1DBCA84C00461181 /* Bolts.framework */,
				4020CE1B1DBCA84C00461181 /* FBSDKCoreKit.framework */,
				4020CE1C1DBCA84C00461181 /* FBSDKLoginKit.framework */,
				4020CE1D1DBCA84C00461181 /* FBSDKShareKit.framework */,
				1B0A78A64649B55915C0C572 /* Pods_ios_428_app.framework */,
			);
			name = Frameworks;
			sourceTree = "<group>";
		};
/* End PBXGroup section */

/* Begin PBXNativeTarget section */
		4064A1B11DAC381300071383 /* ios-428-app */ = {
			isa = PBXNativeTarget;
			buildConfigurationList = 4064A1C71DAC381300071383 /* Build configuration list for PBXNativeTarget "ios-428-app" */;
			buildPhases = (
				83AC00D59BBC5F7B96D7D229 /* [CP] Check Pods Manifest.lock */,
				4064A1AE1DAC381300071383 /* Sources */,
				4064A1AF1DAC381300071383 /* Frameworks */,
				4064A1B01DAC381300071383 /* Resources */,
				F88A9F202BC3599A865F8C62 /* [CP] Embed Pods Frameworks */,
				84FF72238AF9FBEE0BCDBB17 /* [CP] Copy Pods Resources */,
			);
			buildRules = (
			);
			dependencies = (
			);
			name = "ios-428-app";
			productName = "ios-428-app";
			productReference = 4064A1B21DAC381300071383 /* ios-428-app.app */;
			productType = "com.apple.product-type.application";
		};
/* End PBXNativeTarget section */

/* Begin PBXProject section */
		4064A1AA1DAC381300071383 /* Project object */ = {
			isa = PBXProject;
			attributes = {
				LastSwiftUpdateCheck = 0800;
				LastUpgradeCheck = 0800;
				ORGANIZATIONNAME = 428;
				TargetAttributes = {
					4064A1B11DAC381300071383 = {
						CreatedOnToolsVersion = 8.0;
						DevelopmentTeam = EUUML7WPQP;
						LastSwiftMigration = 0800;
						ProvisioningStyle = Automatic;
						SystemCapabilities = {
							com.apple.BackgroundModes = {
								enabled = 1;
							};
							com.apple.Keychain = {
								enabled = 1;
							};
							com.apple.Push = {
								enabled = 1;
							};
						};
					};
				};
			};
			buildConfigurationList = 4064A1AD1DAC381300071383 /* Build configuration list for PBXProject "ios-428-app" */;
			compatibilityVersion = "Xcode 3.2";
			developmentRegion = English;
			hasScannedForEncodings = 0;
			knownRegions = (
				en,
				Base,
			);
			mainGroup = 4064A1A91DAC381300071383;
			productRefGroup = 4064A1B31DAC381300071383 /* Products */;
			projectDirPath = "";
			projectRoot = "";
			targets = (
				4064A1B11DAC381300071383 /* ios-428-app */,
			);
		};
/* End PBXProject section */

/* Begin PBXResourcesBuildPhase section */
		4064A1B01DAC381300071383 /* Resources */ = {
			isa = PBXResourcesBuildPhase;
			buildActionMask = 2147483647;
			files = (
				4064A1C31DAC381300071383 /* LaunchScreen.storyboard in Resources */,
				4064A1FB1DAC811F00071383 /* AvenirLTStd-BookOblique.otf in Resources */,
				4064A1FA1DAC811F00071383 /* AvenirLTStd-Book.otf in Resources */,
				4064A2021DAC811F00071383 /* AvenirLTStd-Oblique.otf in Resources */,
				4064A2031DAC811F00071383 /* AvenirLTStd-Roman.otf in Resources */,
				4064A2011DAC811F00071383 /* AvenirLTStd-MediumOblique.otf in Resources */,
				4064A20F1DACB62500071383 /* TODO in Resources */,
				4064A1F81DAC811F00071383 /* AvenirLTStd-Black.otf in Resources */,
				4064A2001DAC811F00071383 /* AvenirLTStd-Medium.otf in Resources */,
				4020CE171DBCA1E900461181 /* GoogleService-Info.plist in Resources */,
				4064A1F91DAC811F00071383 /* AvenirLTStd-BlackOblique.otf in Resources */,
				4064A1C01DAC381300071383 /* Assets.xcassets in Resources */,
				4064A1FD1DAC811F00071383 /* AvenirLTStd-HeavyOblique.otf in Resources */,
				4064A1FE1DAC811F00071383 /* AvenirLTStd-Light.otf in Resources */,
				4064A1FC1DAC811F00071383 /* AvenirLTStd-Heavy.otf in Resources */,
				4064A1FF1DAC811F00071383 /* AvenirLTStd-LightOblique.otf in Resources */,
			);
			runOnlyForDeploymentPostprocessing = 0;
		};
/* End PBXResourcesBuildPhase section */

/* Begin PBXShellScriptBuildPhase section */
		83AC00D59BBC5F7B96D7D229 /* [CP] Check Pods Manifest.lock */ = {
			isa = PBXShellScriptBuildPhase;
			buildActionMask = 2147483647;
			files = (
			);
			inputPaths = (
			);
			name = "[CP] Check Pods Manifest.lock";
			outputPaths = (
			);
			runOnlyForDeploymentPostprocessing = 0;
			shellPath = /bin/sh;
			shellScript = "diff \"${PODS_ROOT}/../Podfile.lock\" \"${PODS_ROOT}/Manifest.lock\" > /dev/null\nif [ $? != 0 ] ; then\n    # print error to STDERR\n    echo \"error: The sandbox is not in sync with the Podfile.lock. Run 'pod install' or update your CocoaPods installation.\" >&2\n    exit 1\nfi\n";
			showEnvVarsInLog = 0;
		};
		84FF72238AF9FBEE0BCDBB17 /* [CP] Copy Pods Resources */ = {
			isa = PBXShellScriptBuildPhase;
			buildActionMask = 2147483647;
			files = (
			);
			inputPaths = (
			);
			name = "[CP] Copy Pods Resources";
			outputPaths = (
			);
			runOnlyForDeploymentPostprocessing = 0;
			shellPath = /bin/sh;
			shellScript = "\"${SRCROOT}/Pods/Target Support Files/Pods-ios-428-app/Pods-ios-428-app-resources.sh\"\n";
			showEnvVarsInLog = 0;
		};
		F88A9F202BC3599A865F8C62 /* [CP] Embed Pods Frameworks */ = {
			isa = PBXShellScriptBuildPhase;
			buildActionMask = 2147483647;
			files = (
			);
			inputPaths = (
			);
			name = "[CP] Embed Pods Frameworks";
			outputPaths = (
			);
			runOnlyForDeploymentPostprocessing = 0;
			shellPath = /bin/sh;
			shellScript = "\"${SRCROOT}/Pods/Target Support Files/Pods-ios-428-app/Pods-ios-428-app-frameworks.sh\"\n";
			showEnvVarsInLog = 0;
		};
/* End PBXShellScriptBuildPhase section */

/* Begin PBXSourcesBuildPhase section */
		4064A1AE1DAC381300071383 /* Sources */ = {
			isa = PBXSourcesBuildPhase;
			buildActionMask = 2147483647;
			files = (
				4024F2291DB853F9007819F7 /* ChatClassroomController.swift in Sources */,
				4064A2051DAC868E00071383 /* CustomNavigationController.swift in Sources */,
				4024F2351DBB2155007819F7 /* IntroController.swift in Sources */,
				4024F2231DB7F664007819F7 /* Classroom.swift in Sources */,
				40ADEEDB1DDD12D000CE529A /* FontList.swift in Sources */,
				40785D5F1E093AAF009B66E0 /* MeController.swift in Sources */,
				40E2E1421DD3788300469B4D /* CustomActivityIndicatorView.swift in Sources */,
				4031FB9A1DC04B490066E6B6 /* MyProfile.swift in Sources */,
				40ADEEDC1DDD12D000CE529A /* Message.swift in Sources */,
				4064A1E41DAC590900071383 /* ChatController.swift in Sources */,
				4064A2541DB34E4D00071383 /* ProfileController.swift in Sources */,
				4020CE151DBB569000461181 /* Switches.swift in Sources */,
				4081B2621E1500FF00D6E690 /* Question.swift in Sources */,
				4000C37A1DD81227009C10E5 /* Download.swift in Sources */,
				40785D5B1E04EDCE009B66E0 /* HorizontalScrollCell.swift in Sources */,
				40AB7FF81DB59C9600492788 /* SettingsController.swift in Sources */,
				40ADEEE01DDD12D000CE529A /* WhisperView.swift in Sources */,
				40AB7FFA1DB5B06A00492788 /* SettingCell.swift in Sources */,
				4064A1EB1DAC80F100071383 /* Constants.swift in Sources */,
				4064A2141DACBCAA00071383 /* BaseCollectionCell.swift in Sources */,
				4024F22D1DB86B18007819F7 /* ClassroomChatCell.swift in Sources */,
				4024F2211DB7E2E9007819F7 /* ClassroomController.swift in Sources */,
				4024F2271DB82239007819F7 /* ClassroomCell.swift in Sources */,
				4064A2181DACC1B700071383 /* ChatCell.swift in Sources */,
				4064A1E61DAC7DA600071383 /* CustomTabBarController.swift in Sources */,
				4064A2521DB346A800071383 /* Profile.swift in Sources */,
				4064A2561DB3E5E800071383 /* ProfileCell.swift in Sources */,
				40785D651E0D9868009B66E0 /* UserService.swift in Sources */,
				40ADEEDA1DDD12D000CE529A /* ColorList.swift in Sources */,
				4024F2251DB7F83F007819F7 /* ClassroomMessage.swift in Sources */,
				40AB80071DB7095200492788 /* EditTaglineController.swift in Sources */,
				4064A2271DB13FBD00071383 /* Debug.swift in Sources */,
				4064A2211DADE67E00071383 /* ChatHeaderView.swift in Sources */,
				40AB7FFE1DB5B89C00492788 /* Setting.swift in Sources */,
				409F05F21DD81E1D001B673F /* Upload.swift in Sources */,
				4064A1B81DAC381300071383 /* InboxController.swift in Sources */,
				40ADEEDD1DDD12D000CE529A /* ShoutFactory.swift in Sources */,
				40AB80001DB5FDB100492788 /* EditProfileController.swift in Sources */,
				4064A21F1DAD72DF00071383 /* Functions.swift in Sources */,
				4064A22B1DB2B27F00071383 /* Inbox.swift in Sources */,
				40A2C0871E13D61F00D477E1 /* WebviewController.swift in Sources */,
				40ADEEDE1DDD12D000CE529A /* Showing.swift in Sources */,
				4031FB9C1DC0691C0066E6B6 /* StorageService.swift in Sources */,
				40ADEEDF1DDD12D000CE529A /* WhisperFactory.swift in Sources */,
				40ADEEE11DDD12D000CE529A /* WhistleFactory.swift in Sources */,
				4064A1B61DAC381300071383 /* AppDelegate.swift in Sources */,
				4064A1CB1DAC495D00071383 /* DummyDataService.swift in Sources */,
				40ADEED91DDD12D000CE529A /* Config.swift in Sources */,
				40785D671E0E5A1F009B66E0 /* RemoteService.swift in Sources */,
				404C22FA1DBDB86D0054FE19 /* UserDefaults.swift in Sources */,
				4064A2291DB2B0B500071383 /* InboxMessage.swift in Sources */,
				40ADEEE31DDD82E300CE529A /* Enums.swift in Sources */,
				4024F22B1DB85C0E007819F7 /* PaddingLabel.swift in Sources */,
				40AB7FFC1DB5B09700492788 /* BaseTableViewCell.swift in Sources */,
				40785D611E0D2C81009B66E0 /* DataService.swift in Sources */,
				40E2E1401DD26B8200469B4D /* Discipline.swift in Sources */,
				40785D631E0D981C009B66E0 /* InboxService.swift in Sources */,
				4064A2161DACBCDC00071383 /* Extensions.swift in Sources */,
				40AB80031DB6FAA200492788 /* PictureModalController.swift in Sources */,
				40AB80051DB7094700492788 /* EditProfessionalController.swift in Sources */,
				4024F2331DB9454B007819F7 /* LoginController.swift in Sources */,
				4024F2311DB88262007819F7 /* ModalChatClassroomController.swift in Sources */,
				4064A21A1DACC20E00071383 /* InboxCell.swift in Sources */,
			);
			runOnlyForDeploymentPostprocessing = 0;
		};
/* End PBXSourcesBuildPhase section */

/* Begin PBXVariantGroup section */
		4064A1C11DAC381300071383 /* LaunchScreen.storyboard */ = {
			isa = PBXVariantGroup;
			children = (
				4064A1C21DAC381300071383 /* Base */,
			);
			name = LaunchScreen.storyboard;
			sourceTree = "<group>";
		};
/* End PBXVariantGroup section */

/* Begin XCBuildConfiguration section */
		4064A1C51DAC381300071383 /* Debug */ = {
			isa = XCBuildConfiguration;
			buildSettings = {
				ALWAYS_SEARCH_USER_PATHS = NO;
				CLANG_ANALYZER_NONNULL = YES;
				CLANG_CXX_LANGUAGE_STANDARD = "gnu++0x";
				CLANG_CXX_LIBRARY = "libc++";
				CLANG_ENABLE_MODULES = YES;
				CLANG_ENABLE_OBJC_ARC = YES;
				CLANG_WARN_BOOL_CONVERSION = YES;
				CLANG_WARN_CONSTANT_CONVERSION = YES;
				CLANG_WARN_DIRECT_OBJC_ISA_USAGE = YES_ERROR;
				CLANG_WARN_DOCUMENTATION_COMMENTS = YES;
				CLANG_WARN_EMPTY_BODY = YES;
				CLANG_WARN_ENUM_CONVERSION = YES;
				CLANG_WARN_INFINITE_RECURSION = YES;
				CLANG_WARN_INT_CONVERSION = YES;
				CLANG_WARN_OBJC_ROOT_CLASS = YES_ERROR;
				CLANG_WARN_SUSPICIOUS_MOVE = YES;
				CLANG_WARN_SUSPICIOUS_MOVES = YES;
				CLANG_WARN_UNREACHABLE_CODE = YES;
				CLANG_WARN__DUPLICATE_METHOD_MATCH = YES;
				CODE_SIGN_IDENTITY = "iPhone Developer";
				"CODE_SIGN_IDENTITY[sdk=iphoneos*]" = "iPhone Developer";
				COPY_PHASE_STRIP = NO;
				DEBUG_INFORMATION_FORMAT = dwarf;
				DEVELOPMENT_TEAM = EUUML7WPQP;
				ENABLE_STRICT_OBJC_MSGSEND = YES;
				ENABLE_TESTABILITY = YES;
				GCC_C_LANGUAGE_STANDARD = gnu99;
				GCC_DYNAMIC_NO_PIC = NO;
				GCC_NO_COMMON_BLOCKS = YES;
				GCC_OPTIMIZATION_LEVEL = 0;
				GCC_PREPROCESSOR_DEFINITIONS = (
					"DEBUG=1",
					"$(inherited)",
				);
				GCC_WARN_64_TO_32_BIT_CONVERSION = YES;
				GCC_WARN_ABOUT_RETURN_TYPE = YES_ERROR;
				GCC_WARN_UNDECLARED_SELECTOR = YES;
				GCC_WARN_UNINITIALIZED_AUTOS = YES_AGGRESSIVE;
				GCC_WARN_UNUSED_FUNCTION = YES;
				GCC_WARN_UNUSED_VARIABLE = YES;
				IPHONEOS_DEPLOYMENT_TARGET = 9.0;
				MTL_ENABLE_DEBUG_INFO = YES;
				ONLY_ACTIVE_ARCH = YES;
				SDKROOT = iphoneos;
				SWIFT_ACTIVE_COMPILATION_CONDITIONS = DEBUG;
				SWIFT_OPTIMIZATION_LEVEL = "-Onone";
			};
			name = Debug;
		};
		4064A1C61DAC381300071383 /* Release */ = {
			isa = XCBuildConfiguration;
			buildSettings = {
				ALWAYS_SEARCH_USER_PATHS = NO;
				CLANG_ANALYZER_NONNULL = YES;
				CLANG_CXX_LANGUAGE_STANDARD = "gnu++0x";
				CLANG_CXX_LIBRARY = "libc++";
				CLANG_ENABLE_MODULES = YES;
				CLANG_ENABLE_OBJC_ARC = YES;
				CLANG_WARN_BOOL_CONVERSION = YES;
				CLANG_WARN_CONSTANT_CONVERSION = YES;
				CLANG_WARN_DIRECT_OBJC_ISA_USAGE = YES_ERROR;
				CLANG_WARN_DOCUMENTATION_COMMENTS = YES;
				CLANG_WARN_EMPTY_BODY = YES;
				CLANG_WARN_ENUM_CONVERSION = YES;
				CLANG_WARN_INFINITE_RECURSION = YES;
				CLANG_WARN_INT_CONVERSION = YES;
				CLANG_WARN_OBJC_ROOT_CLASS = YES_ERROR;
				CLANG_WARN_SUSPICIOUS_MOVE = YES;
				CLANG_WARN_SUSPICIOUS_MOVES = YES;
				CLANG_WARN_UNREACHABLE_CODE = YES;
				CLANG_WARN__DUPLICATE_METHOD_MATCH = YES;
				CODE_SIGN_IDENTITY = "iPhone Developer";
				"CODE_SIGN_IDENTITY[sdk=iphoneos*]" = "iPhone Developer";
				COPY_PHASE_STRIP = NO;
				DEBUG_INFORMATION_FORMAT = "dwarf-with-dsym";
				DEVELOPMENT_TEAM = EUUML7WPQP;
				ENABLE_NS_ASSERTIONS = NO;
				ENABLE_STRICT_OBJC_MSGSEND = YES;
				GCC_C_LANGUAGE_STANDARD = gnu99;
				GCC_NO_COMMON_BLOCKS = YES;
				GCC_WARN_64_TO_32_BIT_CONVERSION = YES;
				GCC_WARN_ABOUT_RETURN_TYPE = YES_ERROR;
				GCC_WARN_UNDECLARED_SELECTOR = YES;
				GCC_WARN_UNINITIALIZED_AUTOS = YES_AGGRESSIVE;
				GCC_WARN_UNUSED_FUNCTION = YES;
				GCC_WARN_UNUSED_VARIABLE = YES;
				IPHONEOS_DEPLOYMENT_TARGET = 9.0;
				MTL_ENABLE_DEBUG_INFO = NO;
				SDKROOT = iphoneos;
				SWIFT_OPTIMIZATION_LEVEL = "-Owholemodule";
				VALIDATE_PRODUCT = YES;
			};
			name = Release;
		};
		4064A1C81DAC381300071383 /* Debug */ = {
			isa = XCBuildConfiguration;
			baseConfigurationReference = 04E3B82C0B8AC7357CE89687 /* Pods-ios-428-app.debug.xcconfig */;
			buildSettings = {
				ASSETCATALOG_COMPILER_APPICON_NAME = AppIcon;
				CODE_SIGN_ENTITLEMENTS = "ios-428-app/ios-428-app.entitlements";
				DEVELOPMENT_TEAM = EUUML7WPQP;
				FRAMEWORK_SEARCH_PATHS = (
					"$(inherited)",
					"$(PROJECT_DIR)",
				);
				INFOPLIST_FILE = "ios-428-app/Info.plist";
				IPHONEOS_DEPLOYMENT_TARGET = 9.0;
				LD_RUNPATH_SEARCH_PATHS = "$(inherited) @executable_path/Frameworks";
				PRODUCT_BUNDLE_IDENTIFIER = "com.428app.ios-428-app";
				PRODUCT_NAME = "$(TARGET_NAME)";
				SWIFT_VERSION = 3.0;
			};
			name = Debug;
		};
		4064A1C91DAC381300071383 /* Release */ = {
			isa = XCBuildConfiguration;
			baseConfigurationReference = 0D2BDEFFA9091FABC468335E /* Pods-ios-428-app.release.xcconfig */;
			buildSettings = {
				ASSETCATALOG_COMPILER_APPICON_NAME = AppIcon;
				CODE_SIGN_ENTITLEMENTS = "ios-428-app/ios-428-app.entitlements";
				DEVELOPMENT_TEAM = EUUML7WPQP;
				FRAMEWORK_SEARCH_PATHS = (
					"$(inherited)",
					"$(PROJECT_DIR)",
				);
				INFOPLIST_FILE = "ios-428-app/Info.plist";
				IPHONEOS_DEPLOYMENT_TARGET = 9.0;
				LD_RUNPATH_SEARCH_PATHS = "$(inherited) @executable_path/Frameworks";
				PRODUCT_BUNDLE_IDENTIFIER = "com.428app.ios-428-app";
				PRODUCT_NAME = "$(TARGET_NAME)";
				SWIFT_VERSION = 3.0;
			};
			name = Release;
		};
/* End XCBuildConfiguration section */

/* Begin XCConfigurationList section */
		4064A1AD1DAC381300071383 /* Build configuration list for PBXProject "ios-428-app" */ = {
			isa = XCConfigurationList;
			buildConfigurations = (
				4064A1C51DAC381300071383 /* Debug */,
				4064A1C61DAC381300071383 /* Release */,
			);
			defaultConfigurationIsVisible = 0;
			defaultConfigurationName = Release;
		};
		4064A1C71DAC381300071383 /* Build configuration list for PBXNativeTarget "ios-428-app" */ = {
			isa = XCConfigurationList;
			buildConfigurations = (
				4064A1C81DAC381300071383 /* Debug */,
				4064A1C91DAC381300071383 /* Release */,
			);
			defaultConfigurationIsVisible = 0;
			defaultConfigurationName = Release;
		};
/* End XCConfigurationList section */
	};
	rootObject = 4064A1AA1DAC381300071383 /* Project object */;
}
